Microsoft Visual Studio Solution File, Format Version 12.00
# Visual Studio 14
Project("{8BC9CEB8-8B4A-11D0-8D11-00A0C91BC942}") = "ALL_BUILD", "ALL_BUILD.vcxproj", "{F76E3275-546F-469F-B376-B29005C3123F}"
	ProjectSection(ProjectDependencies) = postProject
		{2770A24A-76DB-4B60-BAA2-4D62E338508A} = {2770A24A-76DB-4B60-BAA2-4D62E338508A}
	EndProjectSection
EndProject
Project("{8BC9CEB8-8B4A-11D0-8D11-00A0C91BC942}") = "INSTALL", "INSTALL.vcxproj", "{685CB41B-37E3-4C10-B71B-6DBAAF392AAC}"
	ProjectSection(ProjectDependencies) = postProject
		{F76E3275-546F-469F-B376-B29005C3123F} = {F76E3275-546F-469F-B376-B29005C3123F}
	EndProjectSection
EndProject
Project("{8BC9CEB8-8B4A-11D0-8D11-00A0C91BC942}") = "PACKAGE", "PACKAGE.vcxproj", "{45C00AA6-63ED-4D94-A314-8BCC257A7FAE}"
	ProjectSection(ProjectDependencies) = postProject
		{F76E3275-546F-469F-B376-B29005C3123F} = {F76E3275-546F-469F-B376-B29005C3123F}
	EndProjectSection
EndProject
Project("{8BC9CEB8-8B4A-11D0-8D11-00A0C91BC942}") = "ZERO_CHECK", "..\..\ZERO_CHECK.vcxproj", "{CAAB0C27-7648-48A2-A4AC-D721B6A42257}"
	ProjectSection(ProjectDependencies) = postProject
	EndProjectSection
EndProject
Project("{8BC9CEB8-8B4A-11D0-8D11-00A0C91BC942}") = "libjasper", "..\..\3rdparty\libjasper\libjasper.vcxproj", "{1FA1DBC9-8118-4D70-AEE5-8B3D355C5DCF}"
	ProjectSection(ProjectDependencies) = postProject
		{CAAB0C27-7648-48A2-A4AC-D721B6A42257} = {CAAB0C27-7648-48A2-A4AC-D721B6A42257}
	EndProjectSection
EndProject
Project("{8BC9CEB8-8B4A-11D0-8D11-00A0C91BC942}") = "libjpeg", "..\..\3rdparty\libjpeg\libjpeg.vcxproj", "{7A037EFF-0FB6-4961-AD2B-809399BF9B60}"
	ProjectSection(ProjectDependencies) = postProject
		{CAAB0C27-7648-48A2-A4AC-D721B6A42257} = {CAAB0C27-7648-48A2-A4AC-D721B6A42257}
	EndProjectSection
EndProject
Project("{8BC9CEB8-8B4A-11D0-8D11-00A0C91BC942}") = "libpng", "..\..\3rdparty\libpng\libpng.vcxproj", "{C6E1E561-118C-4C9A-B9E6-43B5293BF77B}"
	ProjectSection(ProjectDependencies) = postProject
		{CAAB0C27-7648-48A2-A4AC-D721B6A42257} = {CAAB0C27-7648-48A2-A4AC-D721B6A42257}
		{9AEDCDFB-295A-4672-8080-619851D9EBAF} = {9AEDCDFB-295A-4672-8080-619851D9EBAF}
	EndProjectSection
EndProject
Project("{8BC9CEB8-8B4A-11D0-8D11-00A0C91BC942}") = "libtiff", "..\..\3rdparty\libtiff\libtiff.vcxproj", "{57F0610D-EBBF-4F69-A057-2F05EB1A3F27}"
	ProjectSection(ProjectDependencies) = postProject
		{CAAB0C27-7648-48A2-A4AC-D721B6A42257} = {CAAB0C27-7648-48A2-A4AC-D721B6A42257}
		{9AEDCDFB-295A-4672-8080-619851D9EBAF} = {9AEDCDFB-295A-4672-8080-619851D9EBAF}
	EndProjectSection
EndProject
Project("{8BC9CEB8-8B4A-11D0-8D11-00A0C91BC942}") = "opencv_calib3d", "..\calib3d\opencv_calib3d.vcxproj", "{6846F19A-FC63-4C90-81AB-E35BDFF3FDD3}"
	ProjectSection(ProjectDependencies) = postProject
		{CAAB0C27-7648-48A2-A4AC-D721B6A42257} = {CAAB0C27-7648-48A2-A4AC-D721B6A42257}
		{0B693504-DC28-40F7-8F44-C6CC4DC0B02E} = {0B693504-DC28-40F7-8F44-C6CC4DC0B02E}
		{EEE6ACF1-991E-4201-8A19-8566591E3A4F} = {EEE6ACF1-991E-4201-8A19-8566591E3A4F}
		{61864D1A-8DCA-4B2A-AF5D-2C50C4C54FF5} = {61864D1A-8DCA-4B2A-AF5D-2C50C4C54FF5}
		{BDADE1CB-ABDC-488C-B1DA-1E2694021912} = {BDADE1CB-ABDC-488C-B1DA-1E2694021912}
		{184C4566-B665-4B92-83E6-BC4B71FE8B95} = {184C4566-B665-4B92-83E6-BC4B71FE8B95}
		{66658554-40D3-42B4-A628-7B0EF3CF5876} = {66658554-40D3-42B4-A628-7B0EF3CF5876}
	EndProjectSection
EndProject
Project("{8BC9CEB8-8B4A-11D0-8D11-00A0C91BC942}") = "opencv_core", "..\core\opencv_core.vcxproj", "{0B693504-DC28-40F7-8F44-C6CC4DC0B02E}"
	ProjectSection(ProjectDependencies) = postProject
		{CAAB0C27-7648-48A2-A4AC-D721B6A42257} = {CAAB0C27-7648-48A2-A4AC-D721B6A42257}
		{BDADE1CB-ABDC-488C-B1DA-1E2694021912} = {BDADE1CB-ABDC-488C-B1DA-1E2694021912}
		{9AEDCDFB-295A-4672-8080-619851D9EBAF} = {9AEDCDFB-295A-4672-8080-619851D9EBAF}
	EndProjectSection
EndProject
Project("{8BC9CEB8-8B4A-11D0-8D11-00A0C91BC942}") = "opencv_features2d", "..\features2d\opencv_features2d.vcxproj", "{EEE6ACF1-991E-4201-8A19-8566591E3A4F}"
	ProjectSection(ProjectDependencies) = postProject
		{CAAB0C27-7648-48A2-A4AC-D721B6A42257} = {CAAB0C27-7648-48A2-A4AC-D721B6A42257}
		{0B693504-DC28-40F7-8F44-C6CC4DC0B02E} = {0B693504-DC28-40F7-8F44-C6CC4DC0B02E}
		{61864D1A-8DCA-4B2A-AF5D-2C50C4C54FF5} = {61864D1A-8DCA-4B2A-AF5D-2C50C4C54FF5}
		{BDADE1CB-ABDC-488C-B1DA-1E2694021912} = {BDADE1CB-ABDC-488C-B1DA-1E2694021912}
		{184C4566-B665-4B92-83E6-BC4B71FE8B95} = {184C4566-B665-4B92-83E6-BC4B71FE8B95}
		{66658554-40D3-42B4-A628-7B0EF3CF5876} = {66658554-40D3-42B4-A628-7B0EF3CF5876}
	EndProjectSection
EndProject
Project("{8BC9CEB8-8B4A-11D0-8D11-00A0C91BC942}") = "opencv_flann", "..\flann\opencv_flann.vcxproj", "{61864D1A-8DCA-4B2A-AF5D-2C50C4C54FF5}"
	ProjectSection(ProjectDependencies) = postProject
		{CAAB0C27-7648-48A2-A4AC-D721B6A42257} = {CAAB0C27-7648-48A2-A4AC-D721B6A42257}
		{0B693504-DC28-40F7-8F44-C6CC4DC0B02E} = {0B693504-DC28-40F7-8F44-C6CC4DC0B02E}
		{BDADE1CB-ABDC-488C-B1DA-1E2694021912} = {BDADE1CB-ABDC-488C-B1DA-1E2694021912}
	EndProjectSection
EndProject
Project("{8BC9CEB8-8B4A-11D0-8D11-00A0C91BC942}") = "opencv_hal", "..\hal\opencv_hal.vcxproj", "{BDADE1CB-ABDC-488C-B1DA-1E2694021912}"
	ProjectSection(ProjectDependencies) = postProject
		{CAAB0C27-7648-48A2-A4AC-D721B6A42257} = {CAAB0C27-7648-48A2-A4AC-D721B6A42257}
	EndProjectSection
EndProject
Project("{8BC9CEB8-8B4A-11D0-8D11-00A0C91BC942}") = "opencv_imgcodecs", "..\imgcodecs\opencv_imgcodecs.vcxproj", "{71FB2DC1-C572-492B-9683-75BB3683B8C8}"
	ProjectSection(ProjectDependencies) = postProject
		{CAAB0C27-7648-48A2-A4AC-D721B6A42257} = {CAAB0C27-7648-48A2-A4AC-D721B6A42257}
		{1FA1DBC9-8118-4D70-AEE5-8B3D355C5DCF} = {1FA1DBC9-8118-4D70-AEE5-8B3D355C5DCF}
		{7A037EFF-0FB6-4961-AD2B-809399BF9B60} = {7A037EFF-0FB6-4961-AD2B-809399BF9B60}
		{C6E1E561-118C-4C9A-B9E6-43B5293BF77B} = {C6E1E561-118C-4C9A-B9E6-43B5293BF77B}
		{57F0610D-EBBF-4F69-A057-2F05EB1A3F27} = {57F0610D-EBBF-4F69-A057-2F05EB1A3F27}
		{0B693504-DC28-40F7-8F44-C6CC4DC0B02E} = {0B693504-DC28-40F7-8F44-C6CC4DC0B02E}
		{BDADE1CB-ABDC-488C-B1DA-1E2694021912} = {BDADE1CB-ABDC-488C-B1DA-1E2694021912}
		{184C4566-B665-4B92-83E6-BC4B71FE8B95} = {184C4566-B665-4B92-83E6-BC4B71FE8B95}
		{9AEDCDFB-295A-4672-8080-619851D9EBAF} = {9AEDCDFB-295A-4672-8080-619851D9EBAF}
	EndProjectSection
EndProject
Project("{8BC9CEB8-8B4A-11D0-8D11-00A0C91BC942}") = "opencv_imgproc", "..\imgproc\opencv_imgproc.vcxproj", "{184C4566-B665-4B92-83E6-BC4B71FE8B95}"
	ProjectSection(ProjectDependencies) = postProject
		{CAAB0C27-7648-48A2-A4AC-D721B6A42257} = {CAAB0C27-7648-48A2-A4AC-D721B6A42257}
		{0B693504-DC28-40F7-8F44-C6CC4DC0B02E} = {0B693504-DC28-40F7-8F44-C6CC4DC0B02E}
		{BDADE1CB-ABDC-488C-B1DA-1E2694021912} = {BDADE1CB-ABDC-488C-B1DA-1E2694021912}
	EndProjectSection
EndProject
Project("{8BC9CEB8-8B4A-11D0-8D11-00A0C91BC942}") = "opencv_ml", "..\ml\opencv_ml.vcxproj", "{66658554-40D3-42B4-A628-7B0EF3CF5876}"
	ProjectSection(ProjectDependencies) = postProject
		{CAAB0C27-7648-48A2-A4AC-D721B6A42257} = {CAAB0C27-7648-48A2-A4AC-D721B6A42257}
		{0B693504-DC28-40F7-8F44-C6CC4DC0B02E} = {0B693504-DC28-40F7-8F44-C6CC4DC0B02E}
		{BDADE1CB-ABDC-488C-B1DA-1E2694021912} = {BDADE1CB-ABDC-488C-B1DA-1E2694021912}
	EndProjectSection
EndProject
Project("{8BC9CEB8-8B4A-11D0-8D11-00A0C91BC942}") = "opencv_photo", "..\photo\opencv_photo.vcxproj", "{4C242C86-4B5C-4A5D-B7CD-2E52CC971927}"
	ProjectSection(ProjectDependencies) = postProject
		{CAAB0C27-7648-48A2-A4AC-D721B6A42257} = {CAAB0C27-7648-48A2-A4AC-D721B6A42257}
		{0B693504-DC28-40F7-8F44-C6CC4DC0B02E} = {0B693504-DC28-40F7-8F44-C6CC4DC0B02E}
		{BDADE1CB-ABDC-488C-B1DA-1E2694021912} = {BDADE1CB-ABDC-488C-B1DA-1E2694021912}
		{184C4566-B665-4B92-83E6-BC4B71FE8B95} = {184C4566-B665-4B92-83E6-BC4B71FE8B95}
	EndProjectSection
EndProject
Project("{8BC9CEB8-8B4A-11D0-8D11-00A0C91BC942}") = "opencv_video", "..\video\opencv_video.vcxproj", "{96641C85-BC81-4A4A-B9CE-2CE14E257427}"
	ProjectSection(ProjectDependencies) = postProject
		{CAAB0C27-7648-48A2-A4AC-D721B6A42257} = {CAAB0C27-7648-48A2-A4AC-D721B6A42257}
		{0B693504-DC28-40F7-8F44-C6CC4DC0B02E} = {0B693504-DC28-40F7-8F44-C6CC4DC0B02E}
		{BDADE1CB-ABDC-488C-B1DA-1E2694021912} = {BDADE1CB-ABDC-488C-B1DA-1E2694021912}
		{184C4566-B665-4B92-83E6-BC4B71FE8B95} = {184C4566-B665-4B92-83E6-BC4B71FE8B95}
	EndProjectSection
EndProject
Project("{8BC9CEB8-8B4A-11D0-8D11-00A0C91BC942}") = "opencv_videoio", "..\videoio\opencv_videoio.vcxproj", "{49897C63-7AFB-4004-81F5-BBF6E53D9BB6}"
	ProjectSection(ProjectDependencies) = postProject
		{CAAB0C27-7648-48A2-A4AC-D721B6A42257} = {CAAB0C27-7648-48A2-A4AC-D721B6A42257}
		{0B693504-DC28-40F7-8F44-C6CC4DC0B02E} = {0B693504-DC28-40F7-8F44-C6CC4DC0B02E}
		{BDADE1CB-ABDC-488C-B1DA-1E2694021912} = {BDADE1CB-ABDC-488C-B1DA-1E2694021912}
		{71FB2DC1-C572-492B-9683-75BB3683B8C8} = {71FB2DC1-C572-492B-9683-75BB3683B8C8}
		{184C4566-B665-4B92-83E6-BC4B71FE8B95} = {184C4566-B665-4B92-83E6-BC4B71FE8B95}
	EndProjectSection
EndProject
Project("{8BC9CEB8-8B4A-11D0-8D11-00A0C91BC942}") = "opencv_videostab", "opencv_videostab.vcxproj", "{2770A24A-76DB-4B60-BAA2-4D62E338508A}"
	ProjectSection(ProjectDependencies) = postProject
		{CAAB0C27-7648-48A2-A4AC-D721B6A42257} = {CAAB0C27-7648-48A2-A4AC-D721B6A42257}
		{6846F19A-FC63-4C90-81AB-E35BDFF3FDD3} = {6846F19A-FC63-4C90-81AB-E35BDFF3FDD3}
		{0B693504-DC28-40F7-8F44-C6CC4DC0B02E} = {0B693504-DC28-40F7-8F44-C6CC4DC0B02E}
		{EEE6ACF1-991E-4201-8A19-8566591E3A4F} = {EEE6ACF1-991E-4201-8A19-8566591E3A4F}
		{61864D1A-8DCA-4B2A-AF5D-2C50C4C54FF5} = {61864D1A-8DCA-4B2A-AF5D-2C50C4C54FF5}
		{BDADE1CB-ABDC-488C-B1DA-1E2694021912} = {BDADE1CB-ABDC-488C-B1DA-1E2694021912}
		{71FB2DC1-C572-492B-9683-75BB3683B8C8} = {71FB2DC1-C572-492B-9683-75BB3683B8C8}
		{184C4566-B665-4B92-83E6-BC4B71FE8B95} = {184C4566-B665-4B92-83E6-BC4B71FE8B95}
		{66658554-40D3-42B4-A628-7B0EF3CF5876} = {66658554-40D3-42B4-A628-7B0EF3CF5876}
		{4C242C86-4B5C-4A5D-B7CD-2E52CC971927} = {4C242C86-4B5C-4A5D-B7CD-2E52CC971927}
		{96641C85-BC81-4A4A-B9CE-2CE14E257427} = {96641C85-BC81-4A4A-B9CE-2CE14E257427}
		{49897C63-7AFB-4004-81F5-BBF6E53D9BB6} = {49897C63-7AFB-4004-81F5-BBF6E53D9BB6}
	EndProjectSection
EndProject
Project("{8BC9CEB8-8B4A-11D0-8D11-00A0C91BC942}") = "opencv_videostab_object", "opencv_videostab_object.vcxproj", "{CBC6FCA8-5C16-46E0-94AC-BD9D3C450142}"
	ProjectSection(ProjectDependencies) = postProject
		{CAAB0C27-7648-48A2-A4AC-D721B6A42257} = {CAAB0C27-7648-48A2-A4AC-D721B6A42257}
	EndProjectSection
EndProject
Project("{8BC9CEB8-8B4A-11D0-8D11-00A0C91BC942}") = "zlib", "..\..\3rdparty\zlib\zlib.vcxproj", "{9AEDCDFB-295A-4672-8080-619851D9EBAF}"
	ProjectSection(ProjectDependencies) = postProject
		{CAAB0C27-7648-48A2-A4AC-D721B6A42257} = {CAAB0C27-7648-48A2-A4AC-D721B6A42257}
	EndProjectSection
EndProject
Project("{2150E333-8FDC-42A3-9474-1A3956D46DE8}") = "3rdparty", "3rdparty", "{872F6072-FAF2-47E1-B531-43F701CC18CA}"
EndProject
Project("{2150E333-8FDC-42A3-9474-1A3956D46DE8}") = "CMakeTargets", "CMakeTargets", "{978DD99B-7EF5-4AC6-A95B-2EEA27B96BC4}"
EndProject
Project("{2150E333-8FDC-42A3-9474-1A3956D46DE8}") = "modules", "modules", "{8CD39A05-64C9-4438-AFEC-2ECB0A164E58}"
EndProject
Project("{2150E333-8FDC-42A3-9474-1A3956D46DE8}") = "object_libraries", "object_libraries", "{D178B7FC-148C-41F9-8C2B-7E8530DDAEBF}"
EndProject
Global
	GlobalSection(SolutionConfigurationPlatforms) = preSolution
		Debug|Win32 = Debug|Win32
		Release|Win32 = Release|Win32
	EndGlobalSection
	GlobalSection(ProjectConfigurationPlatforms) = postSolution
		{F76E3275-546F-469F-B376-B29005C3123F}.Debug|Win32.ActiveCfg = Debug|Win32
		{F76E3275-546F-469F-B376-B29005C3123F}.Debug|Win32.Build.0 = Debug|Win32
		{F76E3275-546F-469F-B376-B29005C3123F}.Release|Win32.ActiveCfg = Release|Win32
		{F76E3275-546F-469F-B376-B29005C3123F}.Release|Win32.Build.0 = Release|Win32
		{685CB41B-37E3-4C10-B71B-6DBAAF392AAC}.Debug|Win32.ActiveCfg = Debug|Win32
		{685CB41B-37E3-4C10-B71B-6DBAAF392AAC}.Release|Win32.ActiveCfg = Release|Win32
		{45C00AA6-63ED-4D94-A314-8BCC257A7FAE}.Debug|Win32.ActiveCfg = Debug|Win32
		{45C00AA6-63ED-4D94-A314-8BCC257A7FAE}.Release|Win32.ActiveCfg = Release|Win32
		{CAAB0C27-7648-48A2-A4AC-D721B6A42257}.Debug|Win32.ActiveCfg = Debug|Win32
		{CAAB0C27-7648-48A2-A4AC-D721B6A42257}.Debug|Win32.Build.0 = Debug|Win32
		{CAAB0C27-7648-48A2-A4AC-D721B6A42257}.Release|Win32.ActiveCfg = Release|Win32
		{CAAB0C27-7648-48A2-A4AC-D721B6A42257}.Release|Win32.Build.0 = Release|Win32
		{1FA1DBC9-8118-4D70-AEE5-8B3D355C5DCF}.Debug|Win32.ActiveCfg = Debug|Win32
		{1FA1DBC9-8118-4D70-AEE5-8B3D355C5DCF}.Debug|Win32.Build.0 = Debug|Win32
		{1FA1DBC9-8118-4D70-AEE5-8B3D355C5DCF}.Release|Win32.ActiveCfg = Release|Win32
		{1FA1DBC9-8118-4D70-AEE5-8B3D355C5DCF}.Release|Win32.Build.0 = Release|Win32
		{7A037EFF-0FB6-4961-AD2B-809399BF9B60}.Debug|Win32.ActiveCfg = Debug|Win32
		{7A037EFF-0FB6-4961-AD2B-809399BF9B60}.Debug|Win32.Build.0 = Debug|Win32
		{7A037EFF-0FB6-4961-AD2B-809399BF9B60}.Release|Win32.ActiveCfg = Release|Win32
		{7A037EFF-0FB6-4961-AD2B-809399BF9B60}.Release|Win32.Build.0 = Release|Win32
		{C6E1E561-118C-4C9A-B9E6-43B5293BF77B}.Debug|Win32.ActiveCfg = Debug|Win32
		{C6E1E561-118C-4C9A-B9E6-43B5293BF77B}.Debug|Win32.Build.0 = Debug|Win32
		{C6E1E561-118C-4C9A-B9E6-43B5293BF77B}.Release|Win32.ActiveCfg = Release|Win32
		{C6E1E561-118C-4C9A-B9E6-43B5293BF77B}.Release|Win32.Build.0 = Release|Win32
		{57F0610D-EBBF-4F69-A057-2F05EB1A3F27}.Debug|Win32.ActiveCfg = Debug|Win32
		{57F0610D-EBBF-4F69-A057-2F05EB1A3F27}.Debug|Win32.Build.0 = Debug|Win32
		{57F0610D-EBBF-4F69-A057-2F05EB1A3F27}.Release|Win32.ActiveCfg = Release|Win32
		{57F0610D-EBBF-4F69-A057-2F05EB1A3F27}.Release|Win32.Build.0 = Release|Win32
		{6846F19A-FC63-4C90-81AB-E35BDFF3FDD3}.Debug|Win32.ActiveCfg = Debug|Win32
		{6846F19A-FC63-4C90-81AB-E35BDFF3FDD3}.Debug|Win32.Build.0 = Debug|Win32
		{6846F19A-FC63-4C90-81AB-E35BDFF3FDD3}.Debug|Win32.Deploy.0 = Debug|Win32
		{6846F19A-FC63-4C90-81AB-E35BDFF3FDD3}.Release|Win32.ActiveCfg = Release|Win32
		{6846F19A-FC63-4C90-81AB-E35BDFF3FDD3}.Release|Win32.Build.0 = Release|Win32
		{6846F19A-FC63-4C90-81AB-E35BDFF3FDD3}.Release|Win32.Deploy.0 = Release|Win32
		{0B693504-DC28-40F7-8F44-C6CC4DC0B02E}.Debug|Win32.ActiveCfg = Debug|Win32
		{0B693504-DC28-40F7-8F44-C6CC4DC0B02E}.Debug|Win32.Build.0 = Debug|Win32
		{0B693504-DC28-40F7-8F44-C6CC4DC0B02E}.Debug|Win32.Deploy.0 = Debug|Win32
		{0B693504-DC28-40F7-8F44-C6CC4DC0B02E}.Release|Win32.ActiveCfg = Release|Win32
		{0B693504-DC28-40F7-8F44-C6CC4DC0B02E}.Release|Win32.Build.0 = Release|Win32
		{0B693504-DC28-40F7-8F44-C6CC4DC0B02E}.Release|Win32.Deploy.0 = Release|Win32
		{EEE6ACF1-991E-4201-8A19-8566591E3A4F}.Debug|Win32.ActiveCfg = Debug|Win32
		{EEE6ACF1-991E-4201-8A19-8566591E3A4F}.Debug|Win32.Build.0 = Debug|Win32
		{EEE6ACF1-991E-4201-8A19-8566591E3A4F}.Debug|Win32.Deploy.0 = Debug|Win32
		{EEE6ACF1-991E-4201-8A19-8566591E3A4F}.Release|Win32.ActiveCfg = Release|Win32
		{EEE6ACF1-991E-4201-8A19-8566591E3A4F}.Release|Win32.Build.0 = Release|Win32
		{EEE6ACF1-991E-4201-8A19-8566591E3A4F}.Release|Win32.Deploy.0 = Release|Win32
		{61864D1A-8DCA-4B2A-AF5D-2C50C4C54FF5}.Debug|Win32.ActiveCfg = Debug|Win32
		{61864D1A-8DCA-4B2A-AF5D-2C50C4C54FF5}.Debug|Win32.Build.0 = Debug|Win32
		{61864D1A-8DCA-4B2A-AF5D-2C50C4C54FF5}.Debug|Win32.Deploy.0 = Debug|Win32
		{61864D1A-8DCA-4B2A-AF5D-2C50C4C54FF5}.Release|Win32.ActiveCfg = Release|Win32
		{61864D1A-8DCA-4B2A-AF5D-2C50C4C54FF5}.Release|Win32.Build.0 = Release|Win32
		{61864D1A-8DCA-4B2A-AF5D-2C50C4C54FF5}.Release|Win32.Deploy.0 = Release|Win32
		{BDADE1CB-ABDC-488C-B1DA-1E2694021912}.Debug|Win32.ActiveCfg = Debug|Win32
		{BDADE1CB-ABDC-488C-B1DA-1E2694021912}.Debug|Win32.Build.0 = Debug|Win32
		{BDADE1CB-ABDC-488C-B1DA-1E2694021912}.Release|Win32.ActiveCfg = Release|Win32
		{BDADE1CB-ABDC-488C-B1DA-1E2694021912}.Release|Win32.Build.0 = Release|Win32
		{71FB2DC1-C572-492B-9683-75BB3683B8C8}.Debug|Win32.ActiveCfg = Debug|Win32
		{71FB2DC1-C572-492B-9683-75BB3683B8C8}.Debug|Win32.Build.0 = Debug|Win32
		{71FB2DC1-C572-492B-9683-75BB3683B8C8}.Debug|Win32.Deploy.0 = Debug|Win32
		{71FB2DC1-C572-492B-9683-75BB3683B8C8}.Release|Win32.ActiveCfg = Release|Win32
		{71FB2DC1-C572-492B-9683-75BB3683B8C8}.Release|Win32.Build.0 = Release|Win32
		{71FB2DC1-C572-492B-9683-75BB3683B8C8}.Release|Win32.Deploy.0 = Release|Win32
		{184C4566-B665-4B92-83E6-BC4B71FE8B95}.Debug|Win32.ActiveCfg = Debug|Win32
		{184C4566-B665-4B92-83E6-BC4B71FE8B95}.Debug|Win32.Build.0 = Debug|Win32
		{184C4566-B665-4B92-83E6-BC4B71FE8B95}.Debug|Win32.Deploy.0 = Debug|Win32
		{184C4566-B665-4B92-83E6-BC4B71FE8B95}.Release|Win32.ActiveCfg = Release|Win32
		{184C4566-B665-4B92-83E6-BC4B71FE8B95}.Release|Win32.Build.0 = Release|Win32
		{184C4566-B665-4B92-83E6-BC4B71FE8B95}.Release|Win32.Deploy.0 = Release|Win32
		{66658554-40D3-42B4-A628-7B0EF3CF5876}.Debug|Win32.ActiveCfg = Debug|Win32
		{66658554-40D3-42B4-A628-7B0EF3CF5876}.Debug|Win32.Build.0 = Debug|Win32
		{66658554-40D3-42B4-A628-7B0EF3CF5876}.Debug|Win32.Deploy.0 = Debug|Win32
		{66658554-40D3-42B4-A628-7B0EF3CF5876}.Release|Win32.ActiveCfg = Release|Win32
		{66658554-40D3-42B4-A628-7B0EF3CF5876}.Release|Win32.Build.0 = Release|Win32
		{66658554-40D3-42B4-A628-7B0EF3CF5876}.Release|Win32.Deploy.0 = Release|Win32
		{4C242C86-4B5C-4A5D-B7CD-2E52CC971927}.Debug|Win32.ActiveCfg = Debug|Win32
		{4C242C86-4B5C-4A5D-B7CD-2E52CC971927}.Debug|Win32.Build.0 = Debug|Win32
		{4C242C86-4B5C-4A5D-B7CD-2E52CC971927}.Debug|Win32.Deploy.0 = Debug|Win32
		{4C242C86-4B5C-4A5D-B7CD-2E52CC971927}.Release|Win32.ActiveCfg = Release|Win32
		{4C242C86-4B5C-4A5D-B7CD-2E52CC971927}.Release|Win32.Build.0 = Release|Win32
		{4C242C86-4B5C-4A5D-B7CD-2E52CC971927}.Release|Win32.Deploy.0 = Release|Win32
		{96641C85-BC81-4A4A-B9CE-2CE14E257427}.Debug|Win32.ActiveCfg = Debug|Win32
		{96641C85-BC81-4A4A-B9CE-2CE14E257427}.Debug|Win32.Build.0 = Debug|Win32
		{96641C85-BC81-4A4A-B9CE-2CE14E257427}.Debug|Win32.Deploy.0 = Debug|Win32
		{96641C85-BC81-4A4A-B9CE-2CE14E257427}.Release|Win32.ActiveCfg = Release|Win32
		{96641C85-BC81-4A4A-B9CE-2CE14E257427}.Release|Win32.Build.0 = Release|Win32
		{96641C85-BC81-4A4A-B9CE-2CE14E257427}.Release|Win32.Deploy.0 = Release|Win32
		{49897C63-7AFB-4004-81F5-BBF6E53D9BB6}.Debug|Win32.ActiveCfg = Debug|Win32
		{49897C63-7AFB-4004-81F5-BBF6E53D9BB6}.Debug|Win32.Build.0 = Debug|Win32
		{49897C63-7AFB-4004-81F5-BBF6E53D9BB6}.Debug|Win32.Deploy.0 = Debug|Win32
		{49897C63-7AFB-4004-81F5-BBF6E53D9BB6}.Release|Win32.ActiveCfg = Release|Win32
		{49897C63-7AFB-4004-81F5-BBF6E53D9BB6}.Release|Win32.Build.0 = Release|Win32
		{49897C63-7AFB-4004-81F5-BBF6E53D9BB6}.Release|Win32.Deploy.0 = Release|Win32
		{2770A24A-76DB-4B60-BAA2-4D62E338508A}.Debug|Win32.ActiveCfg = Debug|Win32
		{2770A24A-76DB-4B60-BAA2-4D62E338508A}.Debug|Win32.Build.0 = Debug|Win32
		{2770A24A-76DB-4B60-BAA2-4D62E338508A}.Debug|Win32.Deploy.0 = Debug|Win32
		{2770A24A-76DB-4B60-BAA2-4D62E338508A}.Release|Win32.ActiveCfg = Release|Win32
		{2770A24A-76DB-4B60-BAA2-4D62E338508A}.Release|Win32.Build.0 = Release|Win32
		{2770A24A-76DB-4B60-BAA2-4D62E338508A}.Release|Win32.Deploy.0 = Release|Win32
		{CBC6FCA8-5C16-46E0-94AC-BD9D3C450142}.Debug|Win32.ActiveCfg = Debug|Win32
		{CBC6FCA8-5C16-46E0-94AC-BD9D3C450142}.Release|Win32.ActiveCfg = Release|Win32
		{9AEDCDFB-295A-4672-8080-619851D9EBAF}.Debug|Win32.ActiveCfg = Debug|Win32
		{9AEDCDFB-295A-4672-8080-619851D9EBAF}.Debug|Win32.Build.0 = Debug|Win32
		{9AEDCDFB-295A-4672-8080-619851D9EBAF}.Release|Win32.ActiveCfg = Release|Win32
		{9AEDCDFB-295A-4672-8080-619851D9EBAF}.Release|Win32.Build.0 = Release|Win32
	EndGlobalSection
	GlobalSection(NestedProjects) = preSolution
		{1FA1DBC9-8118-4D70-AEE5-8B3D355C5DCF} = {872F6072-FAF2-47E1-B531-43F701CC18CA}
		{7A037EFF-0FB6-4961-AD2B-809399BF9B60} = {872F6072-FAF2-47E1-B531-43F701CC18CA}
		{C6E1E561-118C-4C9A-B9E6-43B5293BF77B} = {872F6072-FAF2-47E1-B531-43F701CC18CA}
		{57F0610D-EBBF-4F69-A057-2F05EB1A3F27} = {872F6072-FAF2-47E1-B531-43F701CC18CA}
		{9AEDCDFB-295A-4672-8080-619851D9EBAF} = {872F6072-FAF2-47E1-B531-43F701CC18CA}
		{685CB41B-37E3-4C10-B71B-6DBAAF392AAC} = {978DD99B-7EF5-4AC6-A95B-2EEA27B96BC4}
		{45C00AA6-63ED-4D94-A314-8BCC257A7FAE} = {978DD99B-7EF5-4AC6-A95B-2EEA27B96BC4}
		{CAAB0C27-7648-48A2-A4AC-D721B6A42257} = {978DD99B-7EF5-4AC6-A95B-2EEA27B96BC4}
		{6846F19A-FC63-4C90-81AB-E35BDFF3FDD3} = {8CD39A05-64C9-4438-AFEC-2ECB0A164E58}
		{0B693504-DC28-40F7-8F44-C6CC4DC0B02E} = {8CD39A05-64C9-4438-AFEC-2ECB0A164E58}
		{EEE6ACF1-991E-4201-8A19-8566591E3A4F} = {8CD39A05-64C9-4438-AFEC-2ECB0A164E58}
		{61864D1A-8DCA-4B2A-AF5D-2C50C4C54FF5} = {8CD39A05-64C9-4438-AFEC-2ECB0A164E58}
		{BDADE1CB-ABDC-488C-B1DA-1E2694021912} = {8CD39A05-64C9-4438-AFEC-2ECB0A164E58}
		{71FB2DC1-C572-492B-9683-75BB3683B8C8} = {8CD39A05-64C9-4438-AFEC-2ECB0A164E58}
		{184C4566-B665-4B92-83E6-BC4B71FE8B95} = {8CD39A05-64C9-4438-AFEC-2ECB0A164E58}
		{66658554-40D3-42B4-A628-7B0EF3CF5876} = {8CD39A05-64C9-4438-AFEC-2ECB0A164E58}
		{4C242C86-4B5C-4A5D-B7CD-2E52CC971927} = {8CD39A05-64C9-4438-AFEC-2ECB0A164E58}
		{96641C85-BC81-4A4A-B9CE-2CE14E257427} = {8CD39A05-64C9-4438-AFEC-2ECB0A164E58}
		{49897C63-7AFB-4004-81F5-BBF6E53D9BB6} = {8CD39A05-64C9-4438-AFEC-2ECB0A164E58}
		{2770A24A-76DB-4B60-BAA2-4D62E338508A} = {8CD39A05-64C9-4438-AFEC-2ECB0A164E58}
		{CBC6FCA8-5C16-46E0-94AC-BD9D3C450142} = {D178B7FC-148C-41F9-8C2B-7E8530DDAEBF}
	EndGlobalSection
	GlobalSection(ExtensibilityGlobals) = postSolution
	EndGlobalSection
	GlobalSection(ExtensibilityAddIns) = postSolution
	EndGlobalSection
EndGlobal
