
Microsoft Visual Studio Solution File, Format Version 12.00
# Visual Studio 14
VisualStudioVersion = 14.0.22609.0
MinimumVisualStudioVersion = 10.0.40219.1
Project("{2150E333-8FDC-42A3-9474-1A3956D46DE8}") = "highgui_xaml", "highgui_xaml", "{D7F9BEB3-65C8-443A-82C6-9D6A5B2B00FC}"
EndProject
Project("{8BC9CEB8-8B4A-11D0-8D11-00A0C91BC942}") = "highgui_xaml.Shared", "highgui_xaml\highgui_xaml.Shared\highgui_xaml.Shared.vcxitems", "{6A274B7F-3982-499E-B55A-1F12EF2E3EC0}"
EndProject
Project("{8BC9CEB8-8B4A-11D0-8D11-00A0C91BC942}") = "highgui_xaml.Windows", "highgui_xaml\highgui_xaml.Windows\highgui_xaml.Windows.vcxproj", "{32FDAB94-F87E-4F0A-89A4-9EC10A3B1D3D}"
EndProject
Project("{8BC9CEB8-8B4A-11D0-8D11-00A0C91BC942}") = "highgui_xaml.WindowsPhone", "highgui_xaml\highgui_xaml.WindowsPhone\highgui_xaml.WindowsPhone.vcxproj", "{D7A82E7F-1535-4EEC-ABA9-2C8447669D33}"
EndProject
Project("{2150E333-8FDC-42A3-9474-1A3956D46DE8}") = "OpenCV", "OpenCV", "{621D1EFC-D8C3-4D61-9022-2E53EB97F161}"
EndProject
Project("{8BC9CEB8-8B4A-11D0-8D11-00A0C91BC942}") = "opencv_core", "..\..\..\vs2015\WS\10.0\ARM\modules\core\opencv_core.vcxproj", "{ECE18095-8161-4B36-8639-62A3B6FA2E16}"
EndProject
Project("{8BC9CEB8-8B4A-11D0-8D11-00A0C91BC942}") = "opencv_imgproc", "..\..\..\vs2015\WS\10.0\ARM\modules\imgproc\opencv_imgproc.vcxproj", "{61F81EC3-F64F-4671-B9DF-0D5184D592DD}"
EndProject
Project("{8BC9CEB8-8B4A-11D0-8D11-00A0C91BC942}") = "opencv_videoio", "..\..\..\vs2015\WS\10.0\ARM\modules\videoio\opencv_videoio.vcxproj", "{233FA54B-7829-42F9-9F56-C73D8B116172}"
EndProject
Project("{8BC9CEB8-8B4A-11D0-8D11-00A0C91BC942}") = "opencv_hal", "..\..\..\vs2015\WS\10.0\ARM\modules\hal\opencv_hal.vcxproj", "{B1267A35-BDEC-4C85-9266-F5D250AC4209}"
EndProject
Global
	GlobalSection(SharedMSBuildProjectFiles) = preSolution
		highgui_xaml\highgui_xaml.Shared\highgui_xaml.Shared.vcxitems*{d7a82e7f-1535-4eec-aba9-2c8447669d33}*SharedItemsImports = 4
		highgui_xaml\highgui_xaml.Shared\highgui_xaml.Shared.vcxitems*{6a274b7f-3982-499e-b55a-1f12ef2e3ec0}*SharedItemsImports = 9
		highgui_xaml\highgui_xaml.Shared\highgui_xaml.Shared.vcxitems*{32fdab94-f87e-4f0a-89a4-9ec10a3b1d3d}*SharedItemsImports = 4
	EndGlobalSection
	GlobalSection(SolutionConfigurationPlatforms) = preSolution
		Debug|ARM = Debug|ARM
		Debug|Mixed Platforms = Debug|Mixed Platforms
		Debug|Win32 = Debug|Win32
		Debug|x64 = Debug|x64
		Release|ARM = Release|ARM
		Release|Mixed Platforms = Release|Mixed Platforms
		Release|Win32 = Release|Win32
		Release|x64 = Release|x64
	EndGlobalSection
	GlobalSection(ProjectConfigurationPlatforms) = postSolution
		{32FDAB94-F87E-4F0A-89A4-9EC10A3B1D3D}.Debug|ARM.ActiveCfg = Debug|ARM
		{32FDAB94-F87E-4F0A-89A4-9EC10A3B1D3D}.Debug|Mixed Platforms.ActiveCfg = Debug|ARM
		{32FDAB94-F87E-4F0A-89A4-9EC10A3B1D3D}.Debug|Mixed Platforms.Build.0 = Debug|ARM
		{32FDAB94-F87E-4F0A-89A4-9EC10A3B1D3D}.Debug|Mixed Platforms.Deploy.0 = Debug|ARM
		{32FDAB94-F87E-4F0A-89A4-9EC10A3B1D3D}.Debug|Win32.ActiveCfg = Debug|Win32
		{32FDAB94-F87E-4F0A-89A4-9EC10A3B1D3D}.Debug|Win32.Build.0 = Debug|Win32
		{32FDAB94-F87E-4F0A-89A4-9EC10A3B1D3D}.Debug|Win32.Deploy.0 = Debug|Win32
		{32FDAB94-F87E-4F0A-89A4-9EC10A3B1D3D}.Debug|x64.ActiveCfg = Debug|x64
		{32FDAB94-F87E-4F0A-89A4-9EC10A3B1D3D}.Debug|x64.Build.0 = Debug|x64
		{32FDAB94-F87E-4F0A-89A4-9EC10A3B1D3D}.Debug|x64.Deploy.0 = Debug|x64
		{32FDAB94-F87E-4F0A-89A4-9EC10A3B1D3D}.Release|ARM.ActiveCfg = Release|ARM
		{32FDAB94-F87E-4F0A-89A4-9EC10A3B1D3D}.Release|ARM.Build.0 = Release|ARM
		{32FDAB94-F87E-4F0A-89A4-9EC10A3B1D3D}.Release|ARM.Deploy.0 = Release|ARM
		{32FDAB94-F87E-4F0A-89A4-9EC10A3B1D3D}.Release|Mixed Platforms.ActiveCfg = Release|Win32
		{32FDAB94-F87E-4F0A-89A4-9EC10A3B1D3D}.Release|Mixed Platforms.Build.0 = Release|Win32
		{32FDAB94-F87E-4F0A-89A4-9EC10A3B1D3D}.Release|Mixed Platforms.Deploy.0 = Release|Win32
		{32FDAB94-F87E-4F0A-89A4-9EC10A3B1D3D}.Release|Win32.ActiveCfg = Release|Win32
		{32FDAB94-F87E-4F0A-89A4-9EC10A3B1D3D}.Release|Win32.Build.0 = Release|Win32
		{32FDAB94-F87E-4F0A-89A4-9EC10A3B1D3D}.Release|Win32.Deploy.0 = Release|Win32
		{32FDAB94-F87E-4F0A-89A4-9EC10A3B1D3D}.Release|x64.ActiveCfg = Release|x64
		{32FDAB94-F87E-4F0A-89A4-9EC10A3B1D3D}.Release|x64.Build.0 = Release|x64
		{32FDAB94-F87E-4F0A-89A4-9EC10A3B1D3D}.Release|x64.Deploy.0 = Release|x64
		{D7A82E7F-1535-4EEC-ABA9-2C8447669D33}.Debug|ARM.ActiveCfg = Debug|ARM
		{D7A82E7F-1535-4EEC-ABA9-2C8447669D33}.Debug|ARM.Build.0 = Debug|ARM
		{D7A82E7F-1535-4EEC-ABA9-2C8447669D33}.Debug|ARM.Deploy.0 = Debug|ARM
		{D7A82E7F-1535-4EEC-ABA9-2C8447669D33}.Debug|Mixed Platforms.ActiveCfg = Debug|ARM
		{D7A82E7F-1535-4EEC-ABA9-2C8447669D33}.Debug|Mixed Platforms.Build.0 = Debug|ARM
		{D7A82E7F-1535-4EEC-ABA9-2C8447669D33}.Debug|Mixed Platforms.Deploy.0 = Debug|ARM
		{D7A82E7F-1535-4EEC-ABA9-2C8447669D33}.Debug|Win32.ActiveCfg = Debug|Win32
		{D7A82E7F-1535-4EEC-ABA9-2C8447669D33}.Debug|Win32.Build.0 = Debug|Win32
		{D7A82E7F-1535-4EEC-ABA9-2C8447669D33}.Debug|Win32.Deploy.0 = Debug|Win32
		{D7A82E7F-1535-4EEC-ABA9-2C8447669D33}.Debug|x64.ActiveCfg = Debug|Win32
		{D7A82E7F-1535-4EEC-ABA9-2C8447669D33}.Release|ARM.ActiveCfg = Release|ARM
		{D7A82E7F-1535-4EEC-ABA9-2C8447669D33}.Release|ARM.Build.0 = Release|ARM
		{D7A82E7F-1535-4EEC-ABA9-2C8447669D33}.Release|ARM.Deploy.0 = Release|ARM
		{D7A82E7F-1535-4EEC-ABA9-2C8447669D33}.Release|Mixed Platforms.ActiveCfg = Release|Win32
		{D7A82E7F-1535-4EEC-ABA9-2C8447669D33}.Release|Mixed Platforms.Build.0 = Release|Win32
		{D7A82E7F-1535-4EEC-ABA9-2C8447669D33}.Release|Mixed Platforms.Deploy.0 = Release|Win32
		{D7A82E7F-1535-4EEC-ABA9-2C8447669D33}.Release|Win32.ActiveCfg = Release|Win32
		{D7A82E7F-1535-4EEC-ABA9-2C8447669D33}.Release|Win32.Build.0 = Release|Win32
		{D7A82E7F-1535-4EEC-ABA9-2C8447669D33}.Release|Win32.Deploy.0 = Release|Win32
		{D7A82E7F-1535-4EEC-ABA9-2C8447669D33}.Release|x64.ActiveCfg = Release|Win32
		{ECE18095-8161-4B36-8639-62A3B6FA2E16}.Debug|ARM.ActiveCfg = Debug|ARM
		{ECE18095-8161-4B36-8639-62A3B6FA2E16}.Debug|ARM.Build.0 = Debug|ARM
		{ECE18095-8161-4B36-8639-62A3B6FA2E16}.Debug|Mixed Platforms.ActiveCfg = Debug|ARM
		{ECE18095-8161-4B36-8639-62A3B6FA2E16}.Debug|Mixed Platforms.Build.0 = Debug|ARM
		{ECE18095-8161-4B36-8639-62A3B6FA2E16}.Debug|Win32.ActiveCfg = Debug|ARM
		{ECE18095-8161-4B36-8639-62A3B6FA2E16}.Debug|x64.ActiveCfg = Debug|ARM
		{ECE18095-8161-4B36-8639-62A3B6FA2E16}.Release|ARM.ActiveCfg = Release|ARM
		{ECE18095-8161-4B36-8639-62A3B6FA2E16}.Release|ARM.Build.0 = Release|ARM
		{ECE18095-8161-4B36-8639-62A3B6FA2E16}.Release|Mixed Platforms.ActiveCfg = Release|ARM
		{ECE18095-8161-4B36-8639-62A3B6FA2E16}.Release|Mixed Platforms.Build.0 = Release|ARM
		{ECE18095-8161-4B36-8639-62A3B6FA2E16}.Release|Win32.ActiveCfg = Release|ARM
		{ECE18095-8161-4B36-8639-62A3B6FA2E16}.Release|x64.ActiveCfg = Release|ARM
		{61F81EC3-F64F-4671-B9DF-0D5184D592DD}.Debug|ARM.ActiveCfg = Debug|ARM
		{61F81EC3-F64F-4671-B9DF-0D5184D592DD}.Debug|ARM.Build.0 = Debug|ARM
		{61F81EC3-F64F-4671-B9DF-0D5184D592DD}.Debug|Mixed Platforms.ActiveCfg = Debug|ARM
		{61F81EC3-F64F-4671-B9DF-0D5184D592DD}.Debug|Mixed Platforms.Build.0 = Debug|ARM
		{61F81EC3-F64F-4671-B9DF-0D5184D592DD}.Debug|Win32.ActiveCfg = Debug|ARM
		{61F81EC3-F64F-4671-B9DF-0D5184D592DD}.Debug|x64.ActiveCfg = Debug|ARM
		{61F81EC3-F64F-4671-B9DF-0D5184D592DD}.Release|ARM.ActiveCfg = Release|ARM
		{61F81EC3-F64F-4671-B9DF-0D5184D592DD}.Release|ARM.Build.0 = Release|ARM
		{61F81EC3-F64F-4671-B9DF-0D5184D592DD}.Release|Mixed Platforms.ActiveCfg = Release|ARM
		{61F81EC3-F64F-4671-B9DF-0D5184D592DD}.Release|Mixed Platforms.Build.0 = Release|ARM
		{61F81EC3-F64F-4671-B9DF-0D5184D592DD}.Release|Win32.ActiveCfg = Release|ARM
		{61F81EC3-F64F-4671-B9DF-0D5184D592DD}.Release|x64.ActiveCfg = Release|ARM
		{233FA54B-7829-42F9-9F56-C73D8B116172}.Debug|ARM.ActiveCfg = Debug|ARM
		{233FA54B-7829-42F9-9F56-C73D8B116172}.Debug|ARM.Build.0 = Debug|ARM
		{233FA54B-7829-42F9-9F56-C73D8B116172}.Debug|Mixed Platforms.ActiveCfg = Debug|ARM
		{233FA54B-7829-42F9-9F56-C73D8B116172}.Debug|Mixed Platforms.Build.0 = Debug|ARM
		{233FA54B-7829-42F9-9F56-C73D8B116172}.Debug|Win32.ActiveCfg = Debug|ARM
		{233FA54B-7829-42F9-9F56-C73D8B116172}.Debug|x64.ActiveCfg = Debug|ARM
		{233FA54B-7829-42F9-9F56-C73D8B116172}.Release|ARM.ActiveCfg = Release|ARM
		{233FA54B-7829-42F9-9F56-C73D8B116172}.Release|ARM.Build.0 = Release|ARM
		{233FA54B-7829-42F9-9F56-C73D8B116172}.Release|Mixed Platforms.ActiveCfg = Release|ARM
		{233FA54B-7829-42F9-9F56-C73D8B116172}.Release|Mixed Platforms.Build.0 = Release|ARM
		{233FA54B-7829-42F9-9F56-C73D8B116172}.Release|Win32.ActiveCfg = Release|ARM
		{233FA54B-7829-42F9-9F56-C73D8B116172}.Release|x64.ActiveCfg = Release|ARM
		{B1267A35-BDEC-4C85-9266-F5D250AC4209}.Debug|ARM.ActiveCfg = Debug|ARM
		{B1267A35-BDEC-4C85-9266-F5D250AC4209}.Debug|ARM.Build.0 = Debug|ARM
		{B1267A35-BDEC-4C85-9266-F5D250AC4209}.Debug|Mixed Platforms.ActiveCfg = Debug|ARM
		{B1267A35-BDEC-4C85-9266-F5D250AC4209}.Debug|Mixed Platforms.Build.0 = Debug|ARM
		{B1267A35-BDEC-4C85-9266-F5D250AC4209}.Debug|Win32.ActiveCfg = Debug|ARM
		{B1267A35-BDEC-4C85-9266-F5D250AC4209}.Debug|x64.ActiveCfg = Debug|ARM
		{B1267A35-BDEC-4C85-9266-F5D250AC4209}.Release|ARM.ActiveCfg = Release|ARM
		{B1267A35-BDEC-4C85-9266-F5D250AC4209}.Release|ARM.Build.0 = Release|ARM
		{B1267A35-BDEC-4C85-9266-F5D250AC4209}.Release|Mixed Platforms.ActiveCfg = Release|ARM
		{B1267A35-BDEC-4C85-9266-F5D250AC4209}.Release|Mixed Platforms.Build.0 = Release|ARM
		{B1267A35-BDEC-4C85-9266-F5D250AC4209}.Release|Win32.ActiveCfg = Release|ARM
		{B1267A35-BDEC-4C85-9266-F5D250AC4209}.Release|x64.ActiveCfg = Release|ARM
	EndGlobalSection
	GlobalSection(SolutionProperties) = preSolution
		HideSolutionNode = FALSE
	EndGlobalSection
	GlobalSection(NestedProjects) = preSolution
		{6A274B7F-3982-499E-B55A-1F12EF2E3EC0} = {D7F9BEB3-65C8-443A-82C6-9D6A5B2B00FC}
		{32FDAB94-F87E-4F0A-89A4-9EC10A3B1D3D} = {D7F9BEB3-65C8-443A-82C6-9D6A5B2B00FC}
		{D7A82E7F-1535-4EEC-ABA9-2C8447669D33} = {D7F9BEB3-65C8-443A-82C6-9D6A5B2B00FC}
		{ECE18095-8161-4B36-8639-62A3B6FA2E16} = {621D1EFC-D8C3-4D61-9022-2E53EB97F161}
		{61F81EC3-F64F-4671-B9DF-0D5184D592DD} = {621D1EFC-D8C3-4D61-9022-2E53EB97F161}
		{233FA54B-7829-42F9-9F56-C73D8B116172} = {621D1EFC-D8C3-4D61-9022-2E53EB97F161}
		{B1267A35-BDEC-4C85-9266-F5D250AC4209} = {621D1EFC-D8C3-4D61-9022-2E53EB97F161}
	EndGlobalSection
EndGlobal
