Microsoft Visual Studio Solution File, Format Version 12.00
# Visual Studio 14
Project("{8BC9CEB8-8B4A-11D0-8D11-00A0C91BC942}") = "ALL_BUILD", "ALL_BUILD.vcxproj", "{9BBC087E-A14E-412E-B240-19418FBFF625}"
	ProjectSection(ProjectDependencies) = postProject
		{B5340835-747F-4014-A900-F51C7E9B13DD} = {B5340835-747F-4014-A900-F51C7E9B13DD}
	EndProjectSection
EndProject
Project("{8BC9CEB8-8B4A-11D0-8D11-00A0C91BC942}") = "INSTALL", "INSTALL.vcxproj", "{CB12B4FF-9F6E-412F-A685-00976020F1E0}"
	ProjectSection(ProjectDependencies) = postProject
		{9BBC087E-A14E-412E-B240-19418FBFF625} = {9BBC087E-A14E-412E-B240-19418FBFF625}
	EndProjectSection
EndProject
Project("{8BC9CEB8-8B4A-11D0-8D11-00A0C91BC942}") = "PACKAGE", "PACKAGE.vcxproj", "{37B95CD1-1A27-4DAB-B3BD-3C9D7E8A9353}"
	ProjectSection(ProjectDependencies) = postProject
		{9BBC087E-A14E-412E-B240-19418FBFF625} = {9BBC087E-A14E-412E-B240-19418FBFF625}
	EndProjectSection
EndProject
Project("{8BC9CEB8-8B4A-11D0-8D11-00A0C91BC942}") = "ZERO_CHECK", "..\..\ZERO_CHECK.vcxproj", "{68675D48-774B-4D1C-893D-6063ADB3724A}"
	ProjectSection(ProjectDependencies) = postProject
	EndProjectSection
EndProject
Project("{8BC9CEB8-8B4A-11D0-8D11-00A0C91BC942}") = "libjasper", "..\..\3rdparty\libjasper\libjasper.vcxproj", "{72C30DDA-782E-466F-B4BE-96119F7B144F}"
	ProjectSection(ProjectDependencies) = postProject
		{68675D48-774B-4D1C-893D-6063ADB3724A} = {68675D48-774B-4D1C-893D-6063ADB3724A}
	EndProjectSection
EndProject
Project("{8BC9CEB8-8B4A-11D0-8D11-00A0C91BC942}") = "libjpeg", "..\..\3rdparty\libjpeg\libjpeg.vcxproj", "{97036D41-6A79-4A05-A0F8-23C962205D1E}"
	ProjectSection(ProjectDependencies) = postProject
		{68675D48-774B-4D1C-893D-6063ADB3724A} = {68675D48-774B-4D1C-893D-6063ADB3724A}
	EndProjectSection
EndProject
Project("{8BC9CEB8-8B4A-11D0-8D11-00A0C91BC942}") = "libpng", "..\..\3rdparty\libpng\libpng.vcxproj", "{A58A11E5-F89B-404D-BAD0-57AB9AD51B80}"
	ProjectSection(ProjectDependencies) = postProject
		{68675D48-774B-4D1C-893D-6063ADB3724A} = {68675D48-774B-4D1C-893D-6063ADB3724A}
		{D26C45BC-459C-4E90-98F5-4B9AD1A7715A} = {D26C45BC-459C-4E90-98F5-4B9AD1A7715A}
	EndProjectSection
EndProject
Project("{8BC9CEB8-8B4A-11D0-8D11-00A0C91BC942}") = "libtiff", "..\..\3rdparty\libtiff\libtiff.vcxproj", "{F06EB69C-CC45-466A-9B76-FFE580246F8A}"
	ProjectSection(ProjectDependencies) = postProject
		{68675D48-774B-4D1C-893D-6063ADB3724A} = {68675D48-774B-4D1C-893D-6063ADB3724A}
		{D26C45BC-459C-4E90-98F5-4B9AD1A7715A} = {D26C45BC-459C-4E90-98F5-4B9AD1A7715A}
	EndProjectSection
EndProject
Project("{8BC9CEB8-8B4A-11D0-8D11-00A0C91BC942}") = "opencv_calib3d", "..\calib3d\opencv_calib3d.vcxproj", "{D09BE65F-10B1-4E1A-9FA6-122F5F1AD4F2}"
	ProjectSection(ProjectDependencies) = postProject
		{68675D48-774B-4D1C-893D-6063ADB3724A} = {68675D48-774B-4D1C-893D-6063ADB3724A}
		{06249B14-7756-4B11-A8BA-CC9A5D370C5B} = {06249B14-7756-4B11-A8BA-CC9A5D370C5B}
		{9BC895E6-67BF-4F56-9F45-DE0C43942415} = {9BC895E6-67BF-4F56-9F45-DE0C43942415}
		{F6DA038A-A3FF-425F-A51F-A6ADE874322C} = {F6DA038A-A3FF-425F-A51F-A6ADE874322C}
		{B2C85755-D08F-4AB1-A0D1-FE169016286E} = {B2C85755-D08F-4AB1-A0D1-FE169016286E}
		{98CE20FA-3398-436C-AAE1-A365DDDD6179} = {98CE20FA-3398-436C-AAE1-A365DDDD6179}
		{E5A3C152-E512-441F-A129-308A531BA8EC} = {E5A3C152-E512-441F-A129-308A531BA8EC}
	EndProjectSection
EndProject
Project("{8BC9CEB8-8B4A-11D0-8D11-00A0C91BC942}") = "opencv_core", "..\core\opencv_core.vcxproj", "{06249B14-7756-4B11-A8BA-CC9A5D370C5B}"
	ProjectSection(ProjectDependencies) = postProject
		{68675D48-774B-4D1C-893D-6063ADB3724A} = {68675D48-774B-4D1C-893D-6063ADB3724A}
		{B2C85755-D08F-4AB1-A0D1-FE169016286E} = {B2C85755-D08F-4AB1-A0D1-FE169016286E}
		{D26C45BC-459C-4E90-98F5-4B9AD1A7715A} = {D26C45BC-459C-4E90-98F5-4B9AD1A7715A}
	EndProjectSection
EndProject
Project("{8BC9CEB8-8B4A-11D0-8D11-00A0C91BC942}") = "opencv_features2d", "..\features2d\opencv_features2d.vcxproj", "{9BC895E6-67BF-4F56-9F45-DE0C43942415}"
	ProjectSection(ProjectDependencies) = postProject
		{68675D48-774B-4D1C-893D-6063ADB3724A} = {68675D48-774B-4D1C-893D-6063ADB3724A}
		{06249B14-7756-4B11-A8BA-CC9A5D370C5B} = {06249B14-7756-4B11-A8BA-CC9A5D370C5B}
		{F6DA038A-A3FF-425F-A51F-A6ADE874322C} = {F6DA038A-A3FF-425F-A51F-A6ADE874322C}
		{B2C85755-D08F-4AB1-A0D1-FE169016286E} = {B2C85755-D08F-4AB1-A0D1-FE169016286E}
		{98CE20FA-3398-436C-AAE1-A365DDDD6179} = {98CE20FA-3398-436C-AAE1-A365DDDD6179}
		{E5A3C152-E512-441F-A129-308A531BA8EC} = {E5A3C152-E512-441F-A129-308A531BA8EC}
	EndProjectSection
EndProject
Project("{8BC9CEB8-8B4A-11D0-8D11-00A0C91BC942}") = "opencv_flann", "..\flann\opencv_flann.vcxproj", "{F6DA038A-A3FF-425F-A51F-A6ADE874322C}"
	ProjectSection(ProjectDependencies) = postProject
		{68675D48-774B-4D1C-893D-6063ADB3724A} = {68675D48-774B-4D1C-893D-6063ADB3724A}
		{06249B14-7756-4B11-A8BA-CC9A5D370C5B} = {06249B14-7756-4B11-A8BA-CC9A5D370C5B}
		{B2C85755-D08F-4AB1-A0D1-FE169016286E} = {B2C85755-D08F-4AB1-A0D1-FE169016286E}
	EndProjectSection
EndProject
Project("{8BC9CEB8-8B4A-11D0-8D11-00A0C91BC942}") = "opencv_hal", "..\hal\opencv_hal.vcxproj", "{B2C85755-D08F-4AB1-A0D1-FE169016286E}"
	ProjectSection(ProjectDependencies) = postProject
		{68675D48-774B-4D1C-893D-6063ADB3724A} = {68675D48-774B-4D1C-893D-6063ADB3724A}
	EndProjectSection
EndProject
Project("{8BC9CEB8-8B4A-11D0-8D11-00A0C91BC942}") = "opencv_imgcodecs", "..\imgcodecs\opencv_imgcodecs.vcxproj", "{4E05F566-3892-4933-B37C-2A570EAA1637}"
	ProjectSection(ProjectDependencies) = postProject
		{68675D48-774B-4D1C-893D-6063ADB3724A} = {68675D48-774B-4D1C-893D-6063ADB3724A}
		{72C30DDA-782E-466F-B4BE-96119F7B144F} = {72C30DDA-782E-466F-B4BE-96119F7B144F}
		{97036D41-6A79-4A05-A0F8-23C962205D1E} = {97036D41-6A79-4A05-A0F8-23C962205D1E}
		{A58A11E5-F89B-404D-BAD0-57AB9AD51B80} = {A58A11E5-F89B-404D-BAD0-57AB9AD51B80}
		{F06EB69C-CC45-466A-9B76-FFE580246F8A} = {F06EB69C-CC45-466A-9B76-FFE580246F8A}
		{06249B14-7756-4B11-A8BA-CC9A5D370C5B} = {06249B14-7756-4B11-A8BA-CC9A5D370C5B}
		{B2C85755-D08F-4AB1-A0D1-FE169016286E} = {B2C85755-D08F-4AB1-A0D1-FE169016286E}
		{98CE20FA-3398-436C-AAE1-A365DDDD6179} = {98CE20FA-3398-436C-AAE1-A365DDDD6179}
		{D26C45BC-459C-4E90-98F5-4B9AD1A7715A} = {D26C45BC-459C-4E90-98F5-4B9AD1A7715A}
	EndProjectSection
EndProject
Project("{8BC9CEB8-8B4A-11D0-8D11-00A0C91BC942}") = "opencv_imgproc", "..\imgproc\opencv_imgproc.vcxproj", "{98CE20FA-3398-436C-AAE1-A365DDDD6179}"
	ProjectSection(ProjectDependencies) = postProject
		{68675D48-774B-4D1C-893D-6063ADB3724A} = {68675D48-774B-4D1C-893D-6063ADB3724A}
		{06249B14-7756-4B11-A8BA-CC9A5D370C5B} = {06249B14-7756-4B11-A8BA-CC9A5D370C5B}
		{B2C85755-D08F-4AB1-A0D1-FE169016286E} = {B2C85755-D08F-4AB1-A0D1-FE169016286E}
	EndProjectSection
EndProject
Project("{8BC9CEB8-8B4A-11D0-8D11-00A0C91BC942}") = "opencv_ml", "..\ml\opencv_ml.vcxproj", "{E5A3C152-E512-441F-A129-308A531BA8EC}"
	ProjectSection(ProjectDependencies) = postProject
		{68675D48-774B-4D1C-893D-6063ADB3724A} = {68675D48-774B-4D1C-893D-6063ADB3724A}
		{06249B14-7756-4B11-A8BA-CC9A5D370C5B} = {06249B14-7756-4B11-A8BA-CC9A5D370C5B}
		{B2C85755-D08F-4AB1-A0D1-FE169016286E} = {B2C85755-D08F-4AB1-A0D1-FE169016286E}
	EndProjectSection
EndProject
Project("{8BC9CEB8-8B4A-11D0-8D11-00A0C91BC942}") = "opencv_photo", "..\photo\opencv_photo.vcxproj", "{02DBEFEC-634A-4592-9907-4C42F0430C66}"
	ProjectSection(ProjectDependencies) = postProject
		{68675D48-774B-4D1C-893D-6063ADB3724A} = {68675D48-774B-4D1C-893D-6063ADB3724A}
		{06249B14-7756-4B11-A8BA-CC9A5D370C5B} = {06249B14-7756-4B11-A8BA-CC9A5D370C5B}
		{B2C85755-D08F-4AB1-A0D1-FE169016286E} = {B2C85755-D08F-4AB1-A0D1-FE169016286E}
		{98CE20FA-3398-436C-AAE1-A365DDDD6179} = {98CE20FA-3398-436C-AAE1-A365DDDD6179}
	EndProjectSection
EndProject
Project("{8BC9CEB8-8B4A-11D0-8D11-00A0C91BC942}") = "opencv_video", "..\video\opencv_video.vcxproj", "{C8A22ACF-A242-45A1-8D13-EA4F434003C0}"
	ProjectSection(ProjectDependencies) = postProject
		{68675D48-774B-4D1C-893D-6063ADB3724A} = {68675D48-774B-4D1C-893D-6063ADB3724A}
		{06249B14-7756-4B11-A8BA-CC9A5D370C5B} = {06249B14-7756-4B11-A8BA-CC9A5D370C5B}
		{B2C85755-D08F-4AB1-A0D1-FE169016286E} = {B2C85755-D08F-4AB1-A0D1-FE169016286E}
		{98CE20FA-3398-436C-AAE1-A365DDDD6179} = {98CE20FA-3398-436C-AAE1-A365DDDD6179}
	EndProjectSection
EndProject
Project("{8BC9CEB8-8B4A-11D0-8D11-00A0C91BC942}") = "opencv_videoio", "..\videoio\opencv_videoio.vcxproj", "{CE0ABA66-48C3-4491-A9DB-AFBC8D661CFA}"
	ProjectSection(ProjectDependencies) = postProject
		{68675D48-774B-4D1C-893D-6063ADB3724A} = {68675D48-774B-4D1C-893D-6063ADB3724A}
		{06249B14-7756-4B11-A8BA-CC9A5D370C5B} = {06249B14-7756-4B11-A8BA-CC9A5D370C5B}
		{B2C85755-D08F-4AB1-A0D1-FE169016286E} = {B2C85755-D08F-4AB1-A0D1-FE169016286E}
		{4E05F566-3892-4933-B37C-2A570EAA1637} = {4E05F566-3892-4933-B37C-2A570EAA1637}
		{98CE20FA-3398-436C-AAE1-A365DDDD6179} = {98CE20FA-3398-436C-AAE1-A365DDDD6179}
	EndProjectSection
EndProject
Project("{8BC9CEB8-8B4A-11D0-8D11-00A0C91BC942}") = "opencv_videostab", "opencv_videostab.vcxproj", "{B5340835-747F-4014-A900-F51C7E9B13DD}"
	ProjectSection(ProjectDependencies) = postProject
		{68675D48-774B-4D1C-893D-6063ADB3724A} = {68675D48-774B-4D1C-893D-6063ADB3724A}
		{D09BE65F-10B1-4E1A-9FA6-122F5F1AD4F2} = {D09BE65F-10B1-4E1A-9FA6-122F5F1AD4F2}
		{06249B14-7756-4B11-A8BA-CC9A5D370C5B} = {06249B14-7756-4B11-A8BA-CC9A5D370C5B}
		{9BC895E6-67BF-4F56-9F45-DE0C43942415} = {9BC895E6-67BF-4F56-9F45-DE0C43942415}
		{F6DA038A-A3FF-425F-A51F-A6ADE874322C} = {F6DA038A-A3FF-425F-A51F-A6ADE874322C}
		{B2C85755-D08F-4AB1-A0D1-FE169016286E} = {B2C85755-D08F-4AB1-A0D1-FE169016286E}
		{4E05F566-3892-4933-B37C-2A570EAA1637} = {4E05F566-3892-4933-B37C-2A570EAA1637}
		{98CE20FA-3398-436C-AAE1-A365DDDD6179} = {98CE20FA-3398-436C-AAE1-A365DDDD6179}
		{E5A3C152-E512-441F-A129-308A531BA8EC} = {E5A3C152-E512-441F-A129-308A531BA8EC}
		{02DBEFEC-634A-4592-9907-4C42F0430C66} = {02DBEFEC-634A-4592-9907-4C42F0430C66}
		{C8A22ACF-A242-45A1-8D13-EA4F434003C0} = {C8A22ACF-A242-45A1-8D13-EA4F434003C0}
		{CE0ABA66-48C3-4491-A9DB-AFBC8D661CFA} = {CE0ABA66-48C3-4491-A9DB-AFBC8D661CFA}
	EndProjectSection
EndProject
Project("{8BC9CEB8-8B4A-11D0-8D11-00A0C91BC942}") = "opencv_videostab_object", "opencv_videostab_object.vcxproj", "{E630BEF6-F31B-4019-9F90-97D597721802}"
	ProjectSection(ProjectDependencies) = postProject
		{68675D48-774B-4D1C-893D-6063ADB3724A} = {68675D48-774B-4D1C-893D-6063ADB3724A}
	EndProjectSection
EndProject
Project("{8BC9CEB8-8B4A-11D0-8D11-00A0C91BC942}") = "zlib", "..\..\3rdparty\zlib\zlib.vcxproj", "{D26C45BC-459C-4E90-98F5-4B9AD1A7715A}"
	ProjectSection(ProjectDependencies) = postProject
		{68675D48-774B-4D1C-893D-6063ADB3724A} = {68675D48-774B-4D1C-893D-6063ADB3724A}
	EndProjectSection
EndProject
Project("{2150E333-8FDC-42A3-9474-1A3956D46DE8}") = "3rdparty", "3rdparty", "{60E07AAF-C402-45CD-BE55-DEF8055967E5}"
EndProject
Project("{2150E333-8FDC-42A3-9474-1A3956D46DE8}") = "CMakeTargets", "CMakeTargets", "{93345986-45CA-4035-952E-509F1DA8CB4D}"
EndProject
Project("{2150E333-8FDC-42A3-9474-1A3956D46DE8}") = "modules", "modules", "{1EC71490-4F28-49F5-8865-9D57A27C975D}"
EndProject
Project("{2150E333-8FDC-42A3-9474-1A3956D46DE8}") = "object_libraries", "object_libraries", "{956AC396-667B-45DA-82CE-2494BCEFF1AE}"
EndProject
Global
	GlobalSection(SolutionConfigurationPlatforms) = preSolution
		Debug|x64 = Debug|x64
		Release|x64 = Release|x64
	EndGlobalSection
	GlobalSection(ProjectConfigurationPlatforms) = postSolution
		{9BBC087E-A14E-412E-B240-19418FBFF625}.Debug|x64.ActiveCfg = Debug|x64
		{9BBC087E-A14E-412E-B240-19418FBFF625}.Debug|x64.Build.0 = Debug|x64
		{9BBC087E-A14E-412E-B240-19418FBFF625}.Release|x64.ActiveCfg = Release|x64
		{9BBC087E-A14E-412E-B240-19418FBFF625}.Release|x64.Build.0 = Release|x64
		{CB12B4FF-9F6E-412F-A685-00976020F1E0}.Debug|x64.ActiveCfg = Debug|x64
		{CB12B4FF-9F6E-412F-A685-00976020F1E0}.Release|x64.ActiveCfg = Release|x64
		{37B95CD1-1A27-4DAB-B3BD-3C9D7E8A9353}.Debug|x64.ActiveCfg = Debug|x64
		{37B95CD1-1A27-4DAB-B3BD-3C9D7E8A9353}.Release|x64.ActiveCfg = Release|x64
		{68675D48-774B-4D1C-893D-6063ADB3724A}.Debug|x64.ActiveCfg = Debug|x64
		{68675D48-774B-4D1C-893D-6063ADB3724A}.Debug|x64.Build.0 = Debug|x64
		{68675D48-774B-4D1C-893D-6063ADB3724A}.Release|x64.ActiveCfg = Release|x64
		{68675D48-774B-4D1C-893D-6063ADB3724A}.Release|x64.Build.0 = Release|x64
		{72C30DDA-782E-466F-B4BE-96119F7B144F}.Debug|x64.ActiveCfg = Debug|x64
		{72C30DDA-782E-466F-B4BE-96119F7B144F}.Debug|x64.Build.0 = Debug|x64
		{72C30DDA-782E-466F-B4BE-96119F7B144F}.Release|x64.ActiveCfg = Release|x64
		{72C30DDA-782E-466F-B4BE-96119F7B144F}.Release|x64.Build.0 = Release|x64
		{97036D41-6A79-4A05-A0F8-23C962205D1E}.Debug|x64.ActiveCfg = Debug|x64
		{97036D41-6A79-4A05-A0F8-23C962205D1E}.Debug|x64.Build.0 = Debug|x64
		{97036D41-6A79-4A05-A0F8-23C962205D1E}.Release|x64.ActiveCfg = Release|x64
		{97036D41-6A79-4A05-A0F8-23C962205D1E}.Release|x64.Build.0 = Release|x64
		{A58A11E5-F89B-404D-BAD0-57AB9AD51B80}.Debug|x64.ActiveCfg = Debug|x64
		{A58A11E5-F89B-404D-BAD0-57AB9AD51B80}.Debug|x64.Build.0 = Debug|x64
		{A58A11E5-F89B-404D-BAD0-57AB9AD51B80}.Release|x64.ActiveCfg = Release|x64
		{A58A11E5-F89B-404D-BAD0-57AB9AD51B80}.Release|x64.Build.0 = Release|x64
		{F06EB69C-CC45-466A-9B76-FFE580246F8A}.Debug|x64.ActiveCfg = Debug|x64
		{F06EB69C-CC45-466A-9B76-FFE580246F8A}.Debug|x64.Build.0 = Debug|x64
		{F06EB69C-CC45-466A-9B76-FFE580246F8A}.Release|x64.ActiveCfg = Release|x64
		{F06EB69C-CC45-466A-9B76-FFE580246F8A}.Release|x64.Build.0 = Release|x64
		{D09BE65F-10B1-4E1A-9FA6-122F5F1AD4F2}.Debug|x64.ActiveCfg = Debug|x64
		{D09BE65F-10B1-4E1A-9FA6-122F5F1AD4F2}.Debug|x64.Build.0 = Debug|x64
		{D09BE65F-10B1-4E1A-9FA6-122F5F1AD4F2}.Debug|x64.Deploy.0 = Debug|x64
		{D09BE65F-10B1-4E1A-9FA6-122F5F1AD4F2}.Release|x64.ActiveCfg = Release|x64
		{D09BE65F-10B1-4E1A-9FA6-122F5F1AD4F2}.Release|x64.Build.0 = Release|x64
		{D09BE65F-10B1-4E1A-9FA6-122F5F1AD4F2}.Release|x64.Deploy.0 = Release|x64
		{06249B14-7756-4B11-A8BA-CC9A5D370C5B}.Debug|x64.ActiveCfg = Debug|x64
		{06249B14-7756-4B11-A8BA-CC9A5D370C5B}.Debug|x64.Build.0 = Debug|x64
		{06249B14-7756-4B11-A8BA-CC9A5D370C5B}.Debug|x64.Deploy.0 = Debug|x64
		{06249B14-7756-4B11-A8BA-CC9A5D370C5B}.Release|x64.ActiveCfg = Release|x64
		{06249B14-7756-4B11-A8BA-CC9A5D370C5B}.Release|x64.Build.0 = Release|x64
		{06249B14-7756-4B11-A8BA-CC9A5D370C5B}.Release|x64.Deploy.0 = Release|x64
		{9BC895E6-67BF-4F56-9F45-DE0C43942415}.Debug|x64.ActiveCfg = Debug|x64
		{9BC895E6-67BF-4F56-9F45-DE0C43942415}.Debug|x64.Build.0 = Debug|x64
		{9BC895E6-67BF-4F56-9F45-DE0C43942415}.Debug|x64.Deploy.0 = Debug|x64
		{9BC895E6-67BF-4F56-9F45-DE0C43942415}.Release|x64.ActiveCfg = Release|x64
		{9BC895E6-67BF-4F56-9F45-DE0C43942415}.Release|x64.Build.0 = Release|x64
		{9BC895E6-67BF-4F56-9F45-DE0C43942415}.Release|x64.Deploy.0 = Release|x64
		{F6DA038A-A3FF-425F-A51F-A6ADE874322C}.Debug|x64.ActiveCfg = Debug|x64
		{F6DA038A-A3FF-425F-A51F-A6ADE874322C}.Debug|x64.Build.0 = Debug|x64
		{F6DA038A-A3FF-425F-A51F-A6ADE874322C}.Debug|x64.Deploy.0 = Debug|x64
		{F6DA038A-A3FF-425F-A51F-A6ADE874322C}.Release|x64.ActiveCfg = Release|x64
		{F6DA038A-A3FF-425F-A51F-A6ADE874322C}.Release|x64.Build.0 = Release|x64
		{F6DA038A-A3FF-425F-A51F-A6ADE874322C}.Release|x64.Deploy.0 = Release|x64
		{B2C85755-D08F-4AB1-A0D1-FE169016286E}.Debug|x64.ActiveCfg = Debug|x64
		{B2C85755-D08F-4AB1-A0D1-FE169016286E}.Debug|x64.Build.0 = Debug|x64
		{B2C85755-D08F-4AB1-A0D1-FE169016286E}.Release|x64.ActiveCfg = Release|x64
		{B2C85755-D08F-4AB1-A0D1-FE169016286E}.Release|x64.Build.0 = Release|x64
		{4E05F566-3892-4933-B37C-2A570EAA1637}.Debug|x64.ActiveCfg = Debug|x64
		{4E05F566-3892-4933-B37C-2A570EAA1637}.Debug|x64.Build.0 = Debug|x64
		{4E05F566-3892-4933-B37C-2A570EAA1637}.Debug|x64.Deploy.0 = Debug|x64
		{4E05F566-3892-4933-B37C-2A570EAA1637}.Release|x64.ActiveCfg = Release|x64
		{4E05F566-3892-4933-B37C-2A570EAA1637}.Release|x64.Build.0 = Release|x64
		{4E05F566-3892-4933-B37C-2A570EAA1637}.Release|x64.Deploy.0 = Release|x64
		{98CE20FA-3398-436C-AAE1-A365DDDD6179}.Debug|x64.ActiveCfg = Debug|x64
		{98CE20FA-3398-436C-AAE1-A365DDDD6179}.Debug|x64.Build.0 = Debug|x64
		{98CE20FA-3398-436C-AAE1-A365DDDD6179}.Debug|x64.Deploy.0 = Debug|x64
		{98CE20FA-3398-436C-AAE1-A365DDDD6179}.Release|x64.ActiveCfg = Release|x64
		{98CE20FA-3398-436C-AAE1-A365DDDD6179}.Release|x64.Build.0 = Release|x64
		{98CE20FA-3398-436C-AAE1-A365DDDD6179}.Release|x64.Deploy.0 = Release|x64
		{E5A3C152-E512-441F-A129-308A531BA8EC}.Debug|x64.ActiveCfg = Debug|x64
		{E5A3C152-E512-441F-A129-308A531BA8EC}.Debug|x64.Build.0 = Debug|x64
		{E5A3C152-E512-441F-A129-308A531BA8EC}.Debug|x64.Deploy.0 = Debug|x64
		{E5A3C152-E512-441F-A129-308A531BA8EC}.Release|x64.ActiveCfg = Release|x64
		{E5A3C152-E512-441F-A129-308A531BA8EC}.Release|x64.Build.0 = Release|x64
		{E5A3C152-E512-441F-A129-308A531BA8EC}.Release|x64.Deploy.0 = Release|x64
		{02DBEFEC-634A-4592-9907-4C42F0430C66}.Debug|x64.ActiveCfg = Debug|x64
		{02DBEFEC-634A-4592-9907-4C42F0430C66}.Debug|x64.Build.0 = Debug|x64
		{02DBEFEC-634A-4592-9907-4C42F0430C66}.Debug|x64.Deploy.0 = Debug|x64
		{02DBEFEC-634A-4592-9907-4C42F0430C66}.Release|x64.ActiveCfg = Release|x64
		{02DBEFEC-634A-4592-9907-4C42F0430C66}.Release|x64.Build.0 = Release|x64
		{02DBEFEC-634A-4592-9907-4C42F0430C66}.Release|x64.Deploy.0 = Release|x64
		{C8A22ACF-A242-45A1-8D13-EA4F434003C0}.Debug|x64.ActiveCfg = Debug|x64
		{C8A22ACF-A242-45A1-8D13-EA4F434003C0}.Debug|x64.Build.0 = Debug|x64
		{C8A22ACF-A242-45A1-8D13-EA4F434003C0}.Debug|x64.Deploy.0 = Debug|x64
		{C8A22ACF-A242-45A1-8D13-EA4F434003C0}.Release|x64.ActiveCfg = Release|x64
		{C8A22ACF-A242-45A1-8D13-EA4F434003C0}.Release|x64.Build.0 = Release|x64
		{C8A22ACF-A242-45A1-8D13-EA4F434003C0}.Release|x64.Deploy.0 = Release|x64
		{CE0ABA66-48C3-4491-A9DB-AFBC8D661CFA}.Debug|x64.ActiveCfg = Debug|x64
		{CE0ABA66-48C3-4491-A9DB-AFBC8D661CFA}.Debug|x64.Build.0 = Debug|x64
		{CE0ABA66-48C3-4491-A9DB-AFBC8D661CFA}.Debug|x64.Deploy.0 = Debug|x64
		{CE0ABA66-48C3-4491-A9DB-AFBC8D661CFA}.Release|x64.ActiveCfg = Release|x64
		{CE0ABA66-48C3-4491-A9DB-AFBC8D661CFA}.Release|x64.Build.0 = Release|x64
		{CE0ABA66-48C3-4491-A9DB-AFBC8D661CFA}.Release|x64.Deploy.0 = Release|x64
		{B5340835-747F-4014-A900-F51C7E9B13DD}.Debug|x64.ActiveCfg = Debug|x64
		{B5340835-747F-4014-A900-F51C7E9B13DD}.Debug|x64.Build.0 = Debug|x64
		{B5340835-747F-4014-A900-F51C7E9B13DD}.Debug|x64.Deploy.0 = Debug|x64
		{B5340835-747F-4014-A900-F51C7E9B13DD}.Release|x64.ActiveCfg = Release|x64
		{B5340835-747F-4014-A900-F51C7E9B13DD}.Release|x64.Build.0 = Release|x64
		{B5340835-747F-4014-A900-F51C7E9B13DD}.Release|x64.Deploy.0 = Release|x64
		{E630BEF6-F31B-4019-9F90-97D597721802}.Debug|x64.ActiveCfg = Debug|x64
		{E630BEF6-F31B-4019-9F90-97D597721802}.Release|x64.ActiveCfg = Release|x64
		{D26C45BC-459C-4E90-98F5-4B9AD1A7715A}.Debug|x64.ActiveCfg = Debug|x64
		{D26C45BC-459C-4E90-98F5-4B9AD1A7715A}.Debug|x64.Build.0 = Debug|x64
		{D26C45BC-459C-4E90-98F5-4B9AD1A7715A}.Release|x64.ActiveCfg = Release|x64
		{D26C45BC-459C-4E90-98F5-4B9AD1A7715A}.Release|x64.Build.0 = Release|x64
	EndGlobalSection
	GlobalSection(NestedProjects) = preSolution
		{72C30DDA-782E-466F-B4BE-96119F7B144F} = {60E07AAF-C402-45CD-BE55-DEF8055967E5}
		{97036D41-6A79-4A05-A0F8-23C962205D1E} = {60E07AAF-C402-45CD-BE55-DEF8055967E5}
		{A58A11E5-F89B-404D-BAD0-57AB9AD51B80} = {60E07AAF-C402-45CD-BE55-DEF8055967E5}
		{F06EB69C-CC45-466A-9B76-FFE580246F8A} = {60E07AAF-C402-45CD-BE55-DEF8055967E5}
		{D26C45BC-459C-4E90-98F5-4B9AD1A7715A} = {60E07AAF-C402-45CD-BE55-DEF8055967E5}
		{CB12B4FF-9F6E-412F-A685-00976020F1E0} = {93345986-45CA-4035-952E-509F1DA8CB4D}
		{37B95CD1-1A27-4DAB-B3BD-3C9D7E8A9353} = {93345986-45CA-4035-952E-509F1DA8CB4D}
		{68675D48-774B-4D1C-893D-6063ADB3724A} = {93345986-45CA-4035-952E-509F1DA8CB4D}
		{D09BE65F-10B1-4E1A-9FA6-122F5F1AD4F2} = {1EC71490-4F28-49F5-8865-9D57A27C975D}
		{06249B14-7756-4B11-A8BA-CC9A5D370C5B} = {1EC71490-4F28-49F5-8865-9D57A27C975D}
		{9BC895E6-67BF-4F56-9F45-DE0C43942415} = {1EC71490-4F28-49F5-8865-9D57A27C975D}
		{F6DA038A-A3FF-425F-A51F-A6ADE874322C} = {1EC71490-4F28-49F5-8865-9D57A27C975D}
		{B2C85755-D08F-4AB1-A0D1-FE169016286E} = {1EC71490-4F28-49F5-8865-9D57A27C975D}
		{4E05F566-3892-4933-B37C-2A570EAA1637} = {1EC71490-4F28-49F5-8865-9D57A27C975D}
		{98CE20FA-3398-436C-AAE1-A365DDDD6179} = {1EC71490-4F28-49F5-8865-9D57A27C975D}
		{E5A3C152-E512-441F-A129-308A531BA8EC} = {1EC71490-4F28-49F5-8865-9D57A27C975D}
		{02DBEFEC-634A-4592-9907-4C42F0430C66} = {1EC71490-4F28-49F5-8865-9D57A27C975D}
		{C8A22ACF-A242-45A1-8D13-EA4F434003C0} = {1EC71490-4F28-49F5-8865-9D57A27C975D}
		{CE0ABA66-48C3-4491-A9DB-AFBC8D661CFA} = {1EC71490-4F28-49F5-8865-9D57A27C975D}
		{B5340835-747F-4014-A900-F51C7E9B13DD} = {1EC71490-4F28-49F5-8865-9D57A27C975D}
		{E630BEF6-F31B-4019-9F90-97D597721802} = {956AC396-667B-45DA-82CE-2494BCEFF1AE}
	EndGlobalSection
	GlobalSection(ExtensibilityGlobals) = postSolution
	EndGlobalSection
	GlobalSection(ExtensibilityAddIns) = postSolution
	EndGlobalSection
EndGlobal
