<?xml version="1.0" encoding="UTF-8"?>
<Project ToolsVersion="14.0" xmlns="http://schemas.microsoft.com/developer/msbuild/2003">
  <ItemGroup>
    <CustomBuild Include="..\..\..\CMakeFiles\9e52ba06f0f1cae6a23eb75c5be8d415\INSTALL_force.rule">
      <Filter>CMake Rules</Filter>
    </CustomBuild>
  </ItemGroup>
  <ItemGroup>
    <Filter Include="CMake Rules">
      <UniqueIdentifier>{E57BCA09-4D92-4F80-BF79-5C183CED8B82}</UniqueIdentifier>
    </Filter>
  </ItemGroup>
</Project>
