<?xml version="1.0" encoding="UTF-8"?>
<Project ToolsVersion="14.0" xmlns="http://schemas.microsoft.com/developer/msbuild/2003">
  <ItemGroup>
    <CustomBuild Include="..\..\..\CMakeFiles\8bc25d1de47f2fc1bc93d9572f5b31f4\INSTALL_force.rule">
      <Filter>CMake Rules</Filter>
    </CustomBuild>
  </ItemGroup>
  <ItemGroup>
    <Filter Include="CMake Rules">
      <UniqueIdentifier>{E57BCA09-4D92-4F80-BF79-5C183CED8B82}</UniqueIdentifier>
    </Filter>
  </ItemGroup>
</Project>
