Microsoft Visual Studio Solution File, Format Version 12.00
# Visual Studio 14
Project("{8BC9CEB8-8B4A-11D0-8D11-00A0C91BC942}") = "ALL_BUILD", "ALL_BUILD.vcxproj", "{7C2DFAB7-43BE-47B6-980D-2CE545F6E80C}"
	ProjectSection(ProjectDependencies) = postProject
		{00AEEA94-EDCF-4EF2-93BC-7EC93D4C83B6} = {00AEEA94-EDCF-4EF2-93BC-7EC93D4C83B6}
	EndProjectSection
EndProject
Project("{8BC9CEB8-8B4A-11D0-8D11-00A0C91BC942}") = "INSTALL", "INSTALL.vcxproj", "{788E50DA-A0F2-48E8-80BB-AB7F968AF74E}"
	ProjectSection(ProjectDependencies) = postProject
		{7C2DFAB7-43BE-47B6-980D-2CE545F6E80C} = {7C2DFAB7-43BE-47B6-980D-2CE545F6E80C}
	EndProjectSection
EndProject
Project("{8BC9CEB8-8B4A-11D0-8D11-00A0C91BC942}") = "PACKAGE", "PACKAGE.vcxproj", "{7AE0CC6C-D877-4DC2-9D1F-B7B6D2623BBE}"
	ProjectSection(ProjectDependencies) = postProject
		{7C2DFAB7-43BE-47B6-980D-2CE545F6E80C} = {7C2DFAB7-43BE-47B6-980D-2CE545F6E80C}
	EndProjectSection
EndProject
Project("{8BC9CEB8-8B4A-11D0-8D11-00A0C91BC942}") = "ZERO_CHECK", "..\..\ZERO_CHECK.vcxproj", "{CCCBEF53-2327-49BA-A925-CFF559F71ADD}"
	ProjectSection(ProjectDependencies) = postProject
	EndProjectSection
EndProject
Project("{8BC9CEB8-8B4A-11D0-8D11-00A0C91BC942}") = "opencv_core", "..\core\opencv_core.vcxproj", "{ECE18095-8161-4B36-8639-62A3B6FA2E16}"
	ProjectSection(ProjectDependencies) = postProject
		{CCCBEF53-2327-49BA-A925-CFF559F71ADD} = {CCCBEF53-2327-49BA-A925-CFF559F71ADD}
		{B1267A35-BDEC-4C85-9266-F5D250AC4209} = {B1267A35-BDEC-4C85-9266-F5D250AC4209}
		{2E5D6147-8C9C-4C6A-85F5-6E64874166BD} = {2E5D6147-8C9C-4C6A-85F5-6E64874166BD}
	EndProjectSection
EndProject
Project("{8BC9CEB8-8B4A-11D0-8D11-00A0C91BC942}") = "opencv_hal", "..\hal\opencv_hal.vcxproj", "{B1267A35-BDEC-4C85-9266-F5D250AC4209}"
	ProjectSection(ProjectDependencies) = postProject
		{CCCBEF53-2327-49BA-A925-CFF559F71ADD} = {CCCBEF53-2327-49BA-A925-CFF559F71ADD}
	EndProjectSection
EndProject
Project("{8BC9CEB8-8B4A-11D0-8D11-00A0C91BC942}") = "opencv_imgproc", "..\imgproc\opencv_imgproc.vcxproj", "{61F81EC3-F64F-4671-B9DF-0D5184D592DD}"
	ProjectSection(ProjectDependencies) = postProject
		{CCCBEF53-2327-49BA-A925-CFF559F71ADD} = {CCCBEF53-2327-49BA-A925-CFF559F71ADD}
		{ECE18095-8161-4B36-8639-62A3B6FA2E16} = {ECE18095-8161-4B36-8639-62A3B6FA2E16}
		{B1267A35-BDEC-4C85-9266-F5D250AC4209} = {B1267A35-BDEC-4C85-9266-F5D250AC4209}
	EndProjectSection
EndProject
Project("{8BC9CEB8-8B4A-11D0-8D11-00A0C91BC942}") = "opencv_photo", "opencv_photo.vcxproj", "{00AEEA94-EDCF-4EF2-93BC-7EC93D4C83B6}"
	ProjectSection(ProjectDependencies) = postProject
		{CCCBEF53-2327-49BA-A925-CFF559F71ADD} = {CCCBEF53-2327-49BA-A925-CFF559F71ADD}
		{ECE18095-8161-4B36-8639-62A3B6FA2E16} = {ECE18095-8161-4B36-8639-62A3B6FA2E16}
		{B1267A35-BDEC-4C85-9266-F5D250AC4209} = {B1267A35-BDEC-4C85-9266-F5D250AC4209}
		{61F81EC3-F64F-4671-B9DF-0D5184D592DD} = {61F81EC3-F64F-4671-B9DF-0D5184D592DD}
	EndProjectSection
EndProject
Project("{8BC9CEB8-8B4A-11D0-8D11-00A0C91BC942}") = "opencv_photo_object", "opencv_photo_object.vcxproj", "{CD1EA70B-2C25-4BD6-9C69-B8513CFEEC44}"
	ProjectSection(ProjectDependencies) = postProject
		{CCCBEF53-2327-49BA-A925-CFF559F71ADD} = {CCCBEF53-2327-49BA-A925-CFF559F71ADD}
	EndProjectSection
EndProject
Project("{8BC9CEB8-8B4A-11D0-8D11-00A0C91BC942}") = "zlib", "..\..\3rdparty\zlib\zlib.vcxproj", "{2E5D6147-8C9C-4C6A-85F5-6E64874166BD}"
	ProjectSection(ProjectDependencies) = postProject
		{CCCBEF53-2327-49BA-A925-CFF559F71ADD} = {CCCBEF53-2327-49BA-A925-CFF559F71ADD}
	EndProjectSection
EndProject
Project("{2150E333-8FDC-42A3-9474-1A3956D46DE8}") = "3rdparty", "3rdparty", "{5C5406F4-A997-4A6B-BF65-0CFC937FD87D}"
EndProject
Project("{2150E333-8FDC-42A3-9474-1A3956D46DE8}") = "CMakeTargets", "CMakeTargets", "{0A49F091-9170-42CB-BE9C-34331E3AA561}"
EndProject
Project("{2150E333-8FDC-42A3-9474-1A3956D46DE8}") = "modules", "modules", "{F3728367-04B3-4A67-9156-E18AB49E1C46}"
EndProject
Project("{2150E333-8FDC-42A3-9474-1A3956D46DE8}") = "object_libraries", "object_libraries", "{FE416B93-FC74-4447-8625-8AA179456FB2}"
EndProject
Global
	GlobalSection(SolutionConfigurationPlatforms) = preSolution
		Debug|ARM = Debug|ARM
		Release|ARM = Release|ARM
	EndGlobalSection
	GlobalSection(ProjectConfigurationPlatforms) = postSolution
		{7C2DFAB7-43BE-47B6-980D-2CE545F6E80C}.Debug|ARM.ActiveCfg = Debug|ARM
		{7C2DFAB7-43BE-47B6-980D-2CE545F6E80C}.Debug|ARM.Build.0 = Debug|ARM
		{7C2DFAB7-43BE-47B6-980D-2CE545F6E80C}.Release|ARM.ActiveCfg = Release|ARM
		{7C2DFAB7-43BE-47B6-980D-2CE545F6E80C}.Release|ARM.Build.0 = Release|ARM
		{788E50DA-A0F2-48E8-80BB-AB7F968AF74E}.Debug|ARM.ActiveCfg = Debug|ARM
		{788E50DA-A0F2-48E8-80BB-AB7F968AF74E}.Release|ARM.ActiveCfg = Release|ARM
		{7AE0CC6C-D877-4DC2-9D1F-B7B6D2623BBE}.Debug|ARM.ActiveCfg = Debug|ARM
		{7AE0CC6C-D877-4DC2-9D1F-B7B6D2623BBE}.Release|ARM.ActiveCfg = Release|ARM
		{CCCBEF53-2327-49BA-A925-CFF559F71ADD}.Debug|ARM.ActiveCfg = Debug|ARM
		{CCCBEF53-2327-49BA-A925-CFF559F71ADD}.Debug|ARM.Build.0 = Debug|ARM
		{CCCBEF53-2327-49BA-A925-CFF559F71ADD}.Release|ARM.ActiveCfg = Release|ARM
		{CCCBEF53-2327-49BA-A925-CFF559F71ADD}.Release|ARM.Build.0 = Release|ARM
		{ECE18095-8161-4B36-8639-62A3B6FA2E16}.Debug|ARM.ActiveCfg = Debug|ARM
		{ECE18095-8161-4B36-8639-62A3B6FA2E16}.Debug|ARM.Build.0 = Debug|ARM
		{ECE18095-8161-4B36-8639-62A3B6FA2E16}.Debug|ARM.Deploy.0 = Debug|ARM
		{ECE18095-8161-4B36-8639-62A3B6FA2E16}.Release|ARM.ActiveCfg = Release|ARM
		{ECE18095-8161-4B36-8639-62A3B6FA2E16}.Release|ARM.Build.0 = Release|ARM
		{ECE18095-8161-4B36-8639-62A3B6FA2E16}.Release|ARM.Deploy.0 = Release|ARM
		{B1267A35-BDEC-4C85-9266-F5D250AC4209}.Debug|ARM.ActiveCfg = Debug|ARM
		{B1267A35-BDEC-4C85-9266-F5D250AC4209}.Debug|ARM.Build.0 = Debug|ARM
		{B1267A35-BDEC-4C85-9266-F5D250AC4209}.Release|ARM.ActiveCfg = Release|ARM
		{B1267A35-BDEC-4C85-9266-F5D250AC4209}.Release|ARM.Build.0 = Release|ARM
		{61F81EC3-F64F-4671-B9DF-0D5184D592DD}.Debug|ARM.ActiveCfg = Debug|ARM
		{61F81EC3-F64F-4671-B9DF-0D5184D592DD}.Debug|ARM.Build.0 = Debug|ARM
		{61F81EC3-F64F-4671-B9DF-0D5184D592DD}.Debug|ARM.Deploy.0 = Debug|ARM
		{61F81EC3-F64F-4671-B9DF-0D5184D592DD}.Release|ARM.ActiveCfg = Release|ARM
		{61F81EC3-F64F-4671-B9DF-0D5184D592DD}.Release|ARM.Build.0 = Release|ARM
		{61F81EC3-F64F-4671-B9DF-0D5184D592DD}.Release|ARM.Deploy.0 = Release|ARM
		{00AEEA94-EDCF-4EF2-93BC-7EC93D4C83B6}.Debug|ARM.ActiveCfg = Debug|ARM
		{00AEEA94-EDCF-4EF2-93BC-7EC93D4C83B6}.Debug|ARM.Build.0 = Debug|ARM
		{00AEEA94-EDCF-4EF2-93BC-7EC93D4C83B6}.Debug|ARM.Deploy.0 = Debug|ARM
		{00AEEA94-EDCF-4EF2-93BC-7EC93D4C83B6}.Release|ARM.ActiveCfg = Release|ARM
		{00AEEA94-EDCF-4EF2-93BC-7EC93D4C83B6}.Release|ARM.Build.0 = Release|ARM
		{00AEEA94-EDCF-4EF2-93BC-7EC93D4C83B6}.Release|ARM.Deploy.0 = Release|ARM
		{CD1EA70B-2C25-4BD6-9C69-B8513CFEEC44}.Debug|ARM.ActiveCfg = Debug|ARM
		{CD1EA70B-2C25-4BD6-9C69-B8513CFEEC44}.Release|ARM.ActiveCfg = Release|ARM
		{2E5D6147-8C9C-4C6A-85F5-6E64874166BD}.Debug|ARM.ActiveCfg = Debug|ARM
		{2E5D6147-8C9C-4C6A-85F5-6E64874166BD}.Debug|ARM.Build.0 = Debug|ARM
		{2E5D6147-8C9C-4C6A-85F5-6E64874166BD}.Release|ARM.ActiveCfg = Release|ARM
		{2E5D6147-8C9C-4C6A-85F5-6E64874166BD}.Release|ARM.Build.0 = Release|ARM
	EndGlobalSection
	GlobalSection(NestedProjects) = preSolution
		{2E5D6147-8C9C-4C6A-85F5-6E64874166BD} = {5C5406F4-A997-4A6B-BF65-0CFC937FD87D}
		{788E50DA-A0F2-48E8-80BB-AB7F968AF74E} = {0A49F091-9170-42CB-BE9C-34331E3AA561}
		{7AE0CC6C-D877-4DC2-9D1F-B7B6D2623BBE} = {0A49F091-9170-42CB-BE9C-34331E3AA561}
		{CCCBEF53-2327-49BA-A925-CFF559F71ADD} = {0A49F091-9170-42CB-BE9C-34331E3AA561}
		{ECE18095-8161-4B36-8639-62A3B6FA2E16} = {F3728367-04B3-4A67-9156-E18AB49E1C46}
		{B1267A35-BDEC-4C85-9266-F5D250AC4209} = {F3728367-04B3-4A67-9156-E18AB49E1C46}
		{61F81EC3-F64F-4671-B9DF-0D5184D592DD} = {F3728367-04B3-4A67-9156-E18AB49E1C46}
		{00AEEA94-EDCF-4EF2-93BC-7EC93D4C83B6} = {F3728367-04B3-4A67-9156-E18AB49E1C46}
		{CD1EA70B-2C25-4BD6-9C69-B8513CFEEC44} = {FE416B93-FC74-4447-8625-8AA179456FB2}
	EndGlobalSection
	GlobalSection(ExtensibilityGlobals) = postSolution
	EndGlobalSection
	GlobalSection(ExtensibilityAddIns) = postSolution
	EndGlobalSection
EndGlobal
