Microsoft Visual Studio Solution File, Format Version 12.00
# Visual Studio 14
Project("{8BC9CEB8-8B4A-11D0-8D11-00A0C91BC942}") = "ALL_BUILD", "ALL_BUILD.vcxproj", "{9BBC087E-A14E-412E-B240-19418FBFF625}"
	ProjectSection(ProjectDependencies) = postProject
		{02DBEFEC-634A-4592-9907-4C42F0430C66} = {02DBEFEC-634A-4592-9907-4C42F0430C66}
	EndProjectSection
EndProject
Project("{8BC9CEB8-8B4A-11D0-8D11-00A0C91BC942}") = "INSTALL", "INSTALL.vcxproj", "{CB12B4FF-9F6E-412F-A685-00976020F1E0}"
	ProjectSection(ProjectDependencies) = postProject
		{9BBC087E-A14E-412E-B240-19418FBFF625} = {9BBC087E-A14E-412E-B240-19418FBFF625}
	EndProjectSection
EndProject
Project("{8BC9CEB8-8B4A-11D0-8D11-00A0C91BC942}") = "PACKAGE", "PACKAGE.vcxproj", "{37B95CD1-1A27-4DAB-B3BD-3C9D7E8A9353}"
	ProjectSection(ProjectDependencies) = postProject
		{9BBC087E-A14E-412E-B240-19418FBFF625} = {9BBC087E-A14E-412E-B240-19418FBFF625}
	EndProjectSection
EndProject
Project("{8BC9CEB8-8B4A-11D0-8D11-00A0C91BC942}") = "ZERO_CHECK", "..\..\ZERO_CHECK.vcxproj", "{68675D48-774B-4D1C-893D-6063ADB3724A}"
	ProjectSection(ProjectDependencies) = postProject
	EndProjectSection
EndProject
Project("{8BC9CEB8-8B4A-11D0-8D11-00A0C91BC942}") = "opencv_core", "..\core\opencv_core.vcxproj", "{06249B14-7756-4B11-A8BA-CC9A5D370C5B}"
	ProjectSection(ProjectDependencies) = postProject
		{68675D48-774B-4D1C-893D-6063ADB3724A} = {68675D48-774B-4D1C-893D-6063ADB3724A}
		{B2C85755-D08F-4AB1-A0D1-FE169016286E} = {B2C85755-D08F-4AB1-A0D1-FE169016286E}
		{D26C45BC-459C-4E90-98F5-4B9AD1A7715A} = {D26C45BC-459C-4E90-98F5-4B9AD1A7715A}
	EndProjectSection
EndProject
Project("{8BC9CEB8-8B4A-11D0-8D11-00A0C91BC942}") = "opencv_hal", "..\hal\opencv_hal.vcxproj", "{B2C85755-D08F-4AB1-A0D1-FE169016286E}"
	ProjectSection(ProjectDependencies) = postProject
		{68675D48-774B-4D1C-893D-6063ADB3724A} = {68675D48-774B-4D1C-893D-6063ADB3724A}
	EndProjectSection
EndProject
Project("{8BC9CEB8-8B4A-11D0-8D11-00A0C91BC942}") = "opencv_imgproc", "..\imgproc\opencv_imgproc.vcxproj", "{98CE20FA-3398-436C-AAE1-A365DDDD6179}"
	ProjectSection(ProjectDependencies) = postProject
		{68675D48-774B-4D1C-893D-6063ADB3724A} = {68675D48-774B-4D1C-893D-6063ADB3724A}
		{06249B14-7756-4B11-A8BA-CC9A5D370C5B} = {06249B14-7756-4B11-A8BA-CC9A5D370C5B}
		{B2C85755-D08F-4AB1-A0D1-FE169016286E} = {B2C85755-D08F-4AB1-A0D1-FE169016286E}
	EndProjectSection
EndProject
Project("{8BC9CEB8-8B4A-11D0-8D11-00A0C91BC942}") = "opencv_photo", "opencv_photo.vcxproj", "{02DBEFEC-634A-4592-9907-4C42F0430C66}"
	ProjectSection(ProjectDependencies) = postProject
		{68675D48-774B-4D1C-893D-6063ADB3724A} = {68675D48-774B-4D1C-893D-6063ADB3724A}
		{06249B14-7756-4B11-A8BA-CC9A5D370C5B} = {06249B14-7756-4B11-A8BA-CC9A5D370C5B}
		{B2C85755-D08F-4AB1-A0D1-FE169016286E} = {B2C85755-D08F-4AB1-A0D1-FE169016286E}
		{98CE20FA-3398-436C-AAE1-A365DDDD6179} = {98CE20FA-3398-436C-AAE1-A365DDDD6179}
	EndProjectSection
EndProject
Project("{8BC9CEB8-8B4A-11D0-8D11-00A0C91BC942}") = "opencv_photo_object", "opencv_photo_object.vcxproj", "{E1EC9873-6722-4A4A-A62B-F74F6023E853}"
	ProjectSection(ProjectDependencies) = postProject
		{68675D48-774B-4D1C-893D-6063ADB3724A} = {68675D48-774B-4D1C-893D-6063ADB3724A}
	EndProjectSection
EndProject
Project("{8BC9CEB8-8B4A-11D0-8D11-00A0C91BC942}") = "zlib", "..\..\3rdparty\zlib\zlib.vcxproj", "{D26C45BC-459C-4E90-98F5-4B9AD1A7715A}"
	ProjectSection(ProjectDependencies) = postProject
		{68675D48-774B-4D1C-893D-6063ADB3724A} = {68675D48-774B-4D1C-893D-6063ADB3724A}
	EndProjectSection
EndProject
Project("{2150E333-8FDC-42A3-9474-1A3956D46DE8}") = "3rdparty", "3rdparty", "{60E07AAF-C402-45CD-BE55-DEF8055967E5}"
EndProject
Project("{2150E333-8FDC-42A3-9474-1A3956D46DE8}") = "CMakeTargets", "CMakeTargets", "{93345986-45CA-4035-952E-509F1DA8CB4D}"
EndProject
Project("{2150E333-8FDC-42A3-9474-1A3956D46DE8}") = "modules", "modules", "{1EC71490-4F28-49F5-8865-9D57A27C975D}"
EndProject
Project("{2150E333-8FDC-42A3-9474-1A3956D46DE8}") = "object_libraries", "object_libraries", "{956AC396-667B-45DA-82CE-2494BCEFF1AE}"
EndProject
Global
	GlobalSection(SolutionConfigurationPlatforms) = preSolution
		Debug|x64 = Debug|x64
		Release|x64 = Release|x64
	EndGlobalSection
	GlobalSection(ProjectConfigurationPlatforms) = postSolution
		{9BBC087E-A14E-412E-B240-19418FBFF625}.Debug|x64.ActiveCfg = Debug|x64
		{9BBC087E-A14E-412E-B240-19418FBFF625}.Debug|x64.Build.0 = Debug|x64
		{9BBC087E-A14E-412E-B240-19418FBFF625}.Release|x64.ActiveCfg = Release|x64
		{9BBC087E-A14E-412E-B240-19418FBFF625}.Release|x64.Build.0 = Release|x64
		{CB12B4FF-9F6E-412F-A685-00976020F1E0}.Debug|x64.ActiveCfg = Debug|x64
		{CB12B4FF-9F6E-412F-A685-00976020F1E0}.Release|x64.ActiveCfg = Release|x64
		{37B95CD1-1A27-4DAB-B3BD-3C9D7E8A9353}.Debug|x64.ActiveCfg = Debug|x64
		{37B95CD1-1A27-4DAB-B3BD-3C9D7E8A9353}.Release|x64.ActiveCfg = Release|x64
		{68675D48-774B-4D1C-893D-6063ADB3724A}.Debug|x64.ActiveCfg = Debug|x64
		{68675D48-774B-4D1C-893D-6063ADB3724A}.Debug|x64.Build.0 = Debug|x64
		{68675D48-774B-4D1C-893D-6063ADB3724A}.Release|x64.ActiveCfg = Release|x64
		{68675D48-774B-4D1C-893D-6063ADB3724A}.Release|x64.Build.0 = Release|x64
		{06249B14-7756-4B11-A8BA-CC9A5D370C5B}.Debug|x64.ActiveCfg = Debug|x64
		{06249B14-7756-4B11-A8BA-CC9A5D370C5B}.Debug|x64.Build.0 = Debug|x64
		{06249B14-7756-4B11-A8BA-CC9A5D370C5B}.Debug|x64.Deploy.0 = Debug|x64
		{06249B14-7756-4B11-A8BA-CC9A5D370C5B}.Release|x64.ActiveCfg = Release|x64
		{06249B14-7756-4B11-A8BA-CC9A5D370C5B}.Release|x64.Build.0 = Release|x64
		{06249B14-7756-4B11-A8BA-CC9A5D370C5B}.Release|x64.Deploy.0 = Release|x64
		{B2C85755-D08F-4AB1-A0D1-FE169016286E}.Debug|x64.ActiveCfg = Debug|x64
		{B2C85755-D08F-4AB1-A0D1-FE169016286E}.Debug|x64.Build.0 = Debug|x64
		{B2C85755-D08F-4AB1-A0D1-FE169016286E}.Release|x64.ActiveCfg = Release|x64
		{B2C85755-D08F-4AB1-A0D1-FE169016286E}.Release|x64.Build.0 = Release|x64
		{98CE20FA-3398-436C-AAE1-A365DDDD6179}.Debug|x64.ActiveCfg = Debug|x64
		{98CE20FA-3398-436C-AAE1-A365DDDD6179}.Debug|x64.Build.0 = Debug|x64
		{98CE20FA-3398-436C-AAE1-A365DDDD6179}.Debug|x64.Deploy.0 = Debug|x64
		{98CE20FA-3398-436C-AAE1-A365DDDD6179}.Release|x64.ActiveCfg = Release|x64
		{98CE20FA-3398-436C-AAE1-A365DDDD6179}.Release|x64.Build.0 = Release|x64
		{98CE20FA-3398-436C-AAE1-A365DDDD6179}.Release|x64.Deploy.0 = Release|x64
		{02DBEFEC-634A-4592-9907-4C42F0430C66}.Debug|x64.ActiveCfg = Debug|x64
		{02DBEFEC-634A-4592-9907-4C42F0430C66}.Debug|x64.Build.0 = Debug|x64
		{02DBEFEC-634A-4592-9907-4C42F0430C66}.Debug|x64.Deploy.0 = Debug|x64
		{02DBEFEC-634A-4592-9907-4C42F0430C66}.Release|x64.ActiveCfg = Release|x64
		{02DBEFEC-634A-4592-9907-4C42F0430C66}.Release|x64.Build.0 = Release|x64
		{02DBEFEC-634A-4592-9907-4C42F0430C66}.Release|x64.Deploy.0 = Release|x64
		{E1EC9873-6722-4A4A-A62B-F74F6023E853}.Debug|x64.ActiveCfg = Debug|x64
		{E1EC9873-6722-4A4A-A62B-F74F6023E853}.Release|x64.ActiveCfg = Release|x64
		{D26C45BC-459C-4E90-98F5-4B9AD1A7715A}.Debug|x64.ActiveCfg = Debug|x64
		{D26C45BC-459C-4E90-98F5-4B9AD1A7715A}.Debug|x64.Build.0 = Debug|x64
		{D26C45BC-459C-4E90-98F5-4B9AD1A7715A}.Release|x64.ActiveCfg = Release|x64
		{D26C45BC-459C-4E90-98F5-4B9AD1A7715A}.Release|x64.Build.0 = Release|x64
	EndGlobalSection
	GlobalSection(NestedProjects) = preSolution
		{D26C45BC-459C-4E90-98F5-4B9AD1A7715A} = {60E07AAF-C402-45CD-BE55-DEF8055967E5}
		{CB12B4FF-9F6E-412F-A685-00976020F1E0} = {93345986-45CA-4035-952E-509F1DA8CB4D}
		{37B95CD1-1A27-4DAB-B3BD-3C9D7E8A9353} = {93345986-45CA-4035-952E-509F1DA8CB4D}
		{68675D48-774B-4D1C-893D-6063ADB3724A} = {93345986-45CA-4035-952E-509F1DA8CB4D}
		{06249B14-7756-4B11-A8BA-CC9A5D370C5B} = {1EC71490-4F28-49F5-8865-9D57A27C975D}
		{B2C85755-D08F-4AB1-A0D1-FE169016286E} = {1EC71490-4F28-49F5-8865-9D57A27C975D}
		{98CE20FA-3398-436C-AAE1-A365DDDD6179} = {1EC71490-4F28-49F5-8865-9D57A27C975D}
		{02DBEFEC-634A-4592-9907-4C42F0430C66} = {1EC71490-4F28-49F5-8865-9D57A27C975D}
		{E1EC9873-6722-4A4A-A62B-F74F6023E853} = {956AC396-667B-45DA-82CE-2494BCEFF1AE}
	EndGlobalSection
	GlobalSection(ExtensibilityGlobals) = postSolution
	EndGlobalSection
	GlobalSection(ExtensibilityAddIns) = postSolution
	EndGlobalSection
EndGlobal
