<?xml version="1.0" encoding="UTF-8"?>
<Project ToolsVersion="14.0" xmlns="http://schemas.microsoft.com/developer/msbuild/2003">
  <ItemGroup>
    <ClCompile Include="..\..\..\..\..\..\modules\objdetect\src\cascadedetect.cpp">
      <Filter>Src</Filter>
    </ClCompile>
    <ClCompile Include="..\..\..\..\..\..\modules\objdetect\src\cascadedetect_convert.cpp">
      <Filter>Src</Filter>
    </ClCompile>
    <ClCompile Include="..\..\..\..\..\..\modules\objdetect\src\detection_based_tracker.cpp">
      <Filter>Src</Filter>
    </ClCompile>
    <ClCompile Include="..\..\..\..\..\..\modules\objdetect\src\haar.cpp">
      <Filter>Src</Filter>
    </ClCompile>
    <ClCompile Include="..\..\..\..\..\..\modules\objdetect\src\hog.cpp">
      <Filter>Src</Filter>
    </ClCompile>
    <ClCompile Include="opencl_kernels_objdetect.cpp">
      <Filter>Src\opencl\kernels\autogenerated</Filter>
    </ClCompile>
    <ClCompile Include="opencv_objdetect_pch.cpp">
      <Filter>Source Files</Filter>
    </ClCompile>
  </ItemGroup>
  <ItemGroup>
    <ClInclude Include="..\..\..\..\..\..\modules\objdetect\include\opencv2\objdetect.hpp">
      <Filter>Include\opencv2</Filter>
    </ClInclude>
    <ClInclude Include="..\..\..\..\..\..\modules\objdetect\include\opencv2\objdetect\detection_based_tracker.hpp">
      <Filter>Include\opencv2\objdetect</Filter>
    </ClInclude>
    <ClInclude Include="..\..\..\..\..\..\modules\objdetect\include\opencv2\objdetect\objdetect.hpp">
      <Filter>Include\opencv2\objdetect</Filter>
    </ClInclude>
    <ClInclude Include="..\..\..\..\..\..\modules\objdetect\include\opencv2\objdetect\objdetect_c.h">
      <Filter>Include\opencv2\objdetect</Filter>
    </ClInclude>
    <ClInclude Include="opencl_kernels_objdetect.hpp">
      <Filter>Src\opencl\kernels\autogenerated</Filter>
    </ClInclude>
    <ClInclude Include="..\..\..\..\..\..\modules\objdetect\src\cascadedetect.hpp">
      <Filter>Src</Filter>
    </ClInclude>
    <ClInclude Include="..\..\..\..\..\..\modules\objdetect\src\precomp.hpp">
      <Filter>Src</Filter>
    </ClInclude>
    <ClInclude Include="..\..\cvconfig.h">
      <Filter>Header Files</Filter>
    </ClInclude>
    <ClInclude Include="..\..\opencv2\opencv_modules.hpp">
      <Filter>Header Files</Filter>
    </ClInclude>
  </ItemGroup>
  <ItemGroup>
    <CustomBuild Include="..\..\..\..\..\..\modules\objdetect\CMakeLists.txt" />
    <CustomBuild Include="..\..\CMakeFiles\f3abdbe57af92c0adf12936efc21dc77\opencl_kernels_objdetect.cpp.rule">
      <Filter>CMake Rules</Filter>
    </CustomBuild>
  </ItemGroup>
  <ItemGroup>
    <None Include="..\..\..\..\..\..\modules\objdetect\src\opencl\cascadedetect.cl">
      <Filter>Src\opencl\kernels</Filter>
    </None>
    <None Include="..\..\..\..\..\..\modules\objdetect\src\opencl\objdetect_hog.cl">
      <Filter>Src\opencl\kernels</Filter>
    </None>
  </ItemGroup>
  <ItemGroup>
    <Filter Include="Src\opencl\kernels\autogenerated">
      <UniqueIdentifier>{4BCCE3EA-C243-41A1-92A6-48221D1CBE94}</UniqueIdentifier>
    </Filter>
    <Filter Include="Include\opencv2">
      <UniqueIdentifier>{4103BF51-BF30-47E0-ADD9-6F969F7A512A}</UniqueIdentifier>
    </Filter>
    <Filter Include="Src\opencl\kernels">
      <UniqueIdentifier>{9C2D243B-3CAF-4F31-9335-15E65DA072C5}</UniqueIdentifier>
    </Filter>
    <Filter Include="Include\opencv2\objdetect">
      <UniqueIdentifier>{D05F2779-86CD-4166-B8EE-F3CEBC1404B9}</UniqueIdentifier>
    </Filter>
    <Filter Include="Src\opencl">
      <UniqueIdentifier>{BA105E2C-F812-43DD-93FA-687C69428BEA}</UniqueIdentifier>
    </Filter>
    <Filter Include="Source Files">
      <UniqueIdentifier>{7837E4B9-7EC9-44C5-A52B-215AED9A20F1}</UniqueIdentifier>
    </Filter>
    <Filter Include="Header Files">
      <UniqueIdentifier>{B66C642A-7DCA-431F-A80B-0BBDE27F859F}</UniqueIdentifier>
    </Filter>
    <Filter Include="CMake Rules">
      <UniqueIdentifier>{5ABF2A2D-1594-4B81-9350-76BF04596A74}</UniqueIdentifier>
    </Filter>
    <Filter Include="Src">
      <UniqueIdentifier>{544ADB96-0A7F-4E96-9675-EA0A39AF94F3}</UniqueIdentifier>
    </Filter>
    <Filter Include="Include">
      <UniqueIdentifier>{17F6B3B7-9F6A-4853-A955-28C4FDDCDEC1}</UniqueIdentifier>
    </Filter>
  </ItemGroup>
</Project>
