
Microsoft Visual Studio Solution File, Format Version 12.00
# Visual Studio 14
VisualStudioVersion = 14.0.23107.0
MinimumVisualStudioVersion = 10.0.40219.1
Project("{2150E333-8FDC-42A3-9474-1A3956D46DE8}") = "highgui_xaml", "highgui_xaml", "{D7F9BEB3-65C8-443A-82C6-9D6A5B2B00FC}"
EndProject
Project("{8BC9CEB8-8B4A-11D0-8D11-00A0C91BC942}") = "highgui_xaml.Shared", "highgui_xaml\highgui_xaml.Shared\highgui_xaml.Shared.vcxitems", "{6A274B7F-3982-499E-B55A-1F12EF2E3EC0}"
EndProject
Project("{8BC9CEB8-8B4A-11D0-8D11-00A0C91BC942}") = "highgui_xaml.Windows", "highgui_xaml\highgui_xaml.Windows\highgui_xaml.Windows.vcxproj", "{32FDAB94-F87E-4F0A-89A4-9EC10A3B1D3D}"
	ProjectSection(ProjectDependencies) = postProject
		{55FA7DFF-4EE7-47F0-A700-2B9E51D1FB55} = {55FA7DFF-4EE7-47F0-A700-2B9E51D1FB55}
	EndProjectSection
EndProject
Project("{8BC9CEB8-8B4A-11D0-8D11-00A0C91BC942}") = "highgui_xaml.WindowsPhone", "highgui_xaml\highgui_xaml.WindowsPhone\highgui_xaml.WindowsPhone.vcxproj", "{D7A82E7F-1535-4EEC-ABA9-2C8447669D33}"
EndProject
Project("{2150E333-8FDC-42A3-9474-1A3956D46DE8}") = "OpenCV", "OpenCV", "{621D1EFC-D8C3-4D61-9022-2E53EB97F161}"
EndProject
Project("{8BC9CEB8-8B4A-11D0-8D11-00A0C91BC942}") = "opencv_core", "..\..\..\vs2015\WS\10.0\x86\modules\core\opencv_core.vcxproj", "{0B693504-DC28-40F7-8F44-C6CC4DC0B02E}"
EndProject
Project("{8BC9CEB8-8B4A-11D0-8D11-00A0C91BC942}") = "opencv_imgproc", "..\..\..\vs2015\WS\10.0\x86\modules\imgproc\opencv_imgproc.vcxproj", "{184C4566-B665-4B92-83E6-BC4B71FE8B95}"
EndProject
Project("{8BC9CEB8-8B4A-11D0-8D11-00A0C91BC942}") = "opencv_hal", "..\..\..\vs2015\WS\10.0\x86\modules\hal\opencv_hal.vcxproj", "{BDADE1CB-ABDC-488C-B1DA-1E2694021912}"
EndProject
Project("{8BC9CEB8-8B4A-11D0-8D11-00A0C91BC942}") = "zlib", "..\..\..\vs2015\WS\10.0\x86\3rdparty\zlib\zlib.vcxproj", "{9AEDCDFB-295A-4672-8080-619851D9EBAF}"
EndProject
Project("{8BC9CEB8-8B4A-11D0-8D11-00A0C91BC942}") = "opencv_imgcodecs", "..\..\..\vs2015\WS\10.0\x86\modules\imgcodecs\opencv_imgcodecs.vcxproj", "{71FB2DC1-C572-492B-9683-75BB3683B8C8}"
EndProject
Project("{8BC9CEB8-8B4A-11D0-8D11-00A0C91BC942}") = "libjpeg", "..\..\..\vs2015\WS\10.0\x86\3rdparty\libjpeg\libjpeg.vcxproj", "{7A037EFF-0FB6-4961-AD2B-809399BF9B60}"
EndProject
Project("{8BC9CEB8-8B4A-11D0-8D11-00A0C91BC942}") = "libpng", "..\..\..\vs2015\WS\10.0\x86\3rdparty\libpng\libpng.vcxproj", "{C6E1E561-118C-4C9A-B9E6-43B5293BF77B}"
EndProject
Project("{8BC9CEB8-8B4A-11D0-8D11-00A0C91BC942}") = "libtiff", "..\..\..\vs2015\WS\10.0\x86\3rdparty\libtiff\libtiff.vcxproj", "{57F0610D-EBBF-4F69-A057-2F05EB1A3F27}"
EndProject
Project("{8BC9CEB8-8B4A-11D0-8D11-00A0C91BC942}") = "libjasper", "..\..\..\vs2015\WS\10.0\x86\3rdparty\libjasper\libjasper.vcxproj", "{1FA1DBC9-8118-4D70-AEE5-8B3D355C5DCF}"
EndProject
Project("{8BC9CEB8-8B4A-11D0-8D11-00A0C91BC942}") = "opencv_objdetect", "..\..\..\vs2015\WS\10.0\x86\modules\objdetect\opencv_objdetect.vcxproj", "{55FA7DFF-4EE7-47F0-A700-2B9E51D1FB55}"
EndProject
Project("{8BC9CEB8-8B4A-11D0-8D11-00A0C91BC942}") = "opencv_ml", "..\..\..\vs2015\WS\10.0\x86\modules\ml\opencv_ml.vcxproj", "{66658554-40D3-42B4-A628-7B0EF3CF5876}"
EndProject
Project("{FAE04EC0-301F-11D3-BF4B-00C04F79EFBC}") = "highgui_xaml.WindowsCSharp", "highgui_xaml.WindowsCSharp\highgui_xaml.WindowsCSharp.csproj", "{3028B018-4606-441F-9850-F2DF540C2913}"
EndProject
Project("{8BC9CEB8-8B4A-11D0-8D11-00A0C91BC942}") = "opencvRT", "..\..\..\modules\opencvRT\opencvRT.vcxproj", "{0CA85B79-912A-4D30-AD07-36450B47FEBA}"
	ProjectSection(ProjectDependencies) = postProject
		{0B693504-DC28-40F7-8F44-C6CC4DC0B02E} = {0B693504-DC28-40F7-8F44-C6CC4DC0B02E}
		{57F0610D-EBBF-4F69-A057-2F05EB1A3F27} = {57F0610D-EBBF-4F69-A057-2F05EB1A3F27}
		{66658554-40D3-42B4-A628-7B0EF3CF5876} = {66658554-40D3-42B4-A628-7B0EF3CF5876}
		{C6E1E561-118C-4C9A-B9E6-43B5293BF77B} = {C6E1E561-118C-4C9A-B9E6-43B5293BF77B}
		{49897C63-7AFB-4004-81F5-BBF6E53D9BB6} = {49897C63-7AFB-4004-81F5-BBF6E53D9BB6}
		{184C4566-B665-4B92-83E6-BC4B71FE8B95} = {184C4566-B665-4B92-83E6-BC4B71FE8B95}
		{71FB2DC1-C572-492B-9683-75BB3683B8C8} = {71FB2DC1-C572-492B-9683-75BB3683B8C8}
		{1FA1DBC9-8118-4D70-AEE5-8B3D355C5DCF} = {1FA1DBC9-8118-4D70-AEE5-8B3D355C5DCF}
		{BDADE1CB-ABDC-488C-B1DA-1E2694021912} = {BDADE1CB-ABDC-488C-B1DA-1E2694021912}
		{9AEDCDFB-295A-4672-8080-619851D9EBAF} = {9AEDCDFB-295A-4672-8080-619851D9EBAF}
		{55FA7DFF-4EE7-47F0-A700-2B9E51D1FB55} = {55FA7DFF-4EE7-47F0-A700-2B9E51D1FB55}
		{7A037EFF-0FB6-4961-AD2B-809399BF9B60} = {7A037EFF-0FB6-4961-AD2B-809399BF9B60}
	EndProjectSection
EndProject
Project("{8BC9CEB8-8B4A-11D0-8D11-00A0C91BC942}") = "opencv_videoio", "..\..\..\vs2015\WS\10.0\x86\modules\videoio\opencv_videoio.vcxproj", "{49897C63-7AFB-4004-81F5-BBF6E53D9BB6}"
EndProject
Global
	GlobalSection(SharedMSBuildProjectFiles) = preSolution
		highgui_xaml\highgui_xaml.Shared\highgui_xaml.Shared.vcxitems*{d7a82e7f-1535-4eec-aba9-2c8447669d33}*SharedItemsImports = 4
		highgui_xaml\highgui_xaml.Shared\highgui_xaml.Shared.vcxitems*{6a274b7f-3982-499e-b55a-1f12ef2e3ec0}*SharedItemsImports = 9
		highgui_xaml\highgui_xaml.Shared\highgui_xaml.Shared.vcxitems*{32fdab94-f87e-4f0a-89a4-9ec10a3b1d3d}*SharedItemsImports = 4
	EndGlobalSection
	GlobalSection(SolutionConfigurationPlatforms) = preSolution
		Debug|Any CPU = Debug|Any CPU
		Debug|ARM = Debug|ARM
		Debug|Mixed Platforms = Debug|Mixed Platforms
		Debug|Win32 = Debug|Win32
		Debug|x64 = Debug|x64
		Release|Any CPU = Release|Any CPU
		Release|ARM = Release|ARM
		Release|Mixed Platforms = Release|Mixed Platforms
		Release|Win32 = Release|Win32
		Release|x64 = Release|x64
	EndGlobalSection
	GlobalSection(ProjectConfigurationPlatforms) = postSolution
		{32FDAB94-F87E-4F0A-89A4-9EC10A3B1D3D}.Debug|Any CPU.ActiveCfg = Debug|Win32
		{32FDAB94-F87E-4F0A-89A4-9EC10A3B1D3D}.Debug|ARM.ActiveCfg = Debug|ARM
		{32FDAB94-F87E-4F0A-89A4-9EC10A3B1D3D}.Debug|Mixed Platforms.ActiveCfg = Debug|Win32
		{32FDAB94-F87E-4F0A-89A4-9EC10A3B1D3D}.Debug|Mixed Platforms.Deploy.0 = Debug|Win32
		{32FDAB94-F87E-4F0A-89A4-9EC10A3B1D3D}.Debug|Win32.ActiveCfg = Debug|Win32
		{32FDAB94-F87E-4F0A-89A4-9EC10A3B1D3D}.Debug|Win32.Deploy.0 = Debug|Win32
		{32FDAB94-F87E-4F0A-89A4-9EC10A3B1D3D}.Debug|x64.ActiveCfg = Debug|x64
		{32FDAB94-F87E-4F0A-89A4-9EC10A3B1D3D}.Debug|x64.Build.0 = Debug|x64
		{32FDAB94-F87E-4F0A-89A4-9EC10A3B1D3D}.Debug|x64.Deploy.0 = Debug|x64
		{32FDAB94-F87E-4F0A-89A4-9EC10A3B1D3D}.Release|Any CPU.ActiveCfg = Release|Win32
		{32FDAB94-F87E-4F0A-89A4-9EC10A3B1D3D}.Release|ARM.ActiveCfg = Release|ARM
		{32FDAB94-F87E-4F0A-89A4-9EC10A3B1D3D}.Release|ARM.Build.0 = Release|ARM
		{32FDAB94-F87E-4F0A-89A4-9EC10A3B1D3D}.Release|ARM.Deploy.0 = Release|ARM
		{32FDAB94-F87E-4F0A-89A4-9EC10A3B1D3D}.Release|Mixed Platforms.ActiveCfg = Release|Win32
		{32FDAB94-F87E-4F0A-89A4-9EC10A3B1D3D}.Release|Mixed Platforms.Build.0 = Release|Win32
		{32FDAB94-F87E-4F0A-89A4-9EC10A3B1D3D}.Release|Mixed Platforms.Deploy.0 = Release|Win32
		{32FDAB94-F87E-4F0A-89A4-9EC10A3B1D3D}.Release|Win32.ActiveCfg = Release|Win32
		{32FDAB94-F87E-4F0A-89A4-9EC10A3B1D3D}.Release|Win32.Build.0 = Release|Win32
		{32FDAB94-F87E-4F0A-89A4-9EC10A3B1D3D}.Release|Win32.Deploy.0 = Release|Win32
		{32FDAB94-F87E-4F0A-89A4-9EC10A3B1D3D}.Release|x64.ActiveCfg = Release|x64
		{32FDAB94-F87E-4F0A-89A4-9EC10A3B1D3D}.Release|x64.Build.0 = Release|x64
		{32FDAB94-F87E-4F0A-89A4-9EC10A3B1D3D}.Release|x64.Deploy.0 = Release|x64
		{D7A82E7F-1535-4EEC-ABA9-2C8447669D33}.Debug|Any CPU.ActiveCfg = Debug|Win32
		{D7A82E7F-1535-4EEC-ABA9-2C8447669D33}.Debug|ARM.ActiveCfg = Debug|ARM
		{D7A82E7F-1535-4EEC-ABA9-2C8447669D33}.Debug|ARM.Build.0 = Debug|ARM
		{D7A82E7F-1535-4EEC-ABA9-2C8447669D33}.Debug|ARM.Deploy.0 = Debug|ARM
		{D7A82E7F-1535-4EEC-ABA9-2C8447669D33}.Debug|Mixed Platforms.ActiveCfg = Debug|Win32
		{D7A82E7F-1535-4EEC-ABA9-2C8447669D33}.Debug|Win32.ActiveCfg = Debug|Win32
		{D7A82E7F-1535-4EEC-ABA9-2C8447669D33}.Debug|x64.ActiveCfg = Debug|Win32
		{D7A82E7F-1535-4EEC-ABA9-2C8447669D33}.Release|Any CPU.ActiveCfg = Release|Win32
		{D7A82E7F-1535-4EEC-ABA9-2C8447669D33}.Release|ARM.ActiveCfg = Release|ARM
		{D7A82E7F-1535-4EEC-ABA9-2C8447669D33}.Release|ARM.Build.0 = Release|ARM
		{D7A82E7F-1535-4EEC-ABA9-2C8447669D33}.Release|ARM.Deploy.0 = Release|ARM
		{D7A82E7F-1535-4EEC-ABA9-2C8447669D33}.Release|Mixed Platforms.ActiveCfg = Release|Win32
		{D7A82E7F-1535-4EEC-ABA9-2C8447669D33}.Release|Mixed Platforms.Build.0 = Release|Win32
		{D7A82E7F-1535-4EEC-ABA9-2C8447669D33}.Release|Mixed Platforms.Deploy.0 = Release|Win32
		{D7A82E7F-1535-4EEC-ABA9-2C8447669D33}.Release|Win32.ActiveCfg = Release|Win32
		{D7A82E7F-1535-4EEC-ABA9-2C8447669D33}.Release|Win32.Build.0 = Release|Win32
		{D7A82E7F-1535-4EEC-ABA9-2C8447669D33}.Release|Win32.Deploy.0 = Release|Win32
		{D7A82E7F-1535-4EEC-ABA9-2C8447669D33}.Release|x64.ActiveCfg = Release|Win32
		{0B693504-DC28-40F7-8F44-C6CC4DC0B02E}.Debug|Any CPU.ActiveCfg = Debug|Win32
		{0B693504-DC28-40F7-8F44-C6CC4DC0B02E}.Debug|ARM.ActiveCfg = Debug|Win32
		{0B693504-DC28-40F7-8F44-C6CC4DC0B02E}.Debug|Mixed Platforms.ActiveCfg = Debug|Win32
		{0B693504-DC28-40F7-8F44-C6CC4DC0B02E}.Debug|Mixed Platforms.Build.0 = Debug|Win32
		{0B693504-DC28-40F7-8F44-C6CC4DC0B02E}.Debug|Win32.ActiveCfg = Debug|Win32
		{0B693504-DC28-40F7-8F44-C6CC4DC0B02E}.Debug|Win32.Build.0 = Debug|Win32
		{0B693504-DC28-40F7-8F44-C6CC4DC0B02E}.Debug|x64.ActiveCfg = Debug|x64
		{0B693504-DC28-40F7-8F44-C6CC4DC0B02E}.Release|Any CPU.ActiveCfg = Release|Win32
		{0B693504-DC28-40F7-8F44-C6CC4DC0B02E}.Release|ARM.ActiveCfg = Release|Win32
		{0B693504-DC28-40F7-8F44-C6CC4DC0B02E}.Release|Mixed Platforms.ActiveCfg = Release|Win32
		{0B693504-DC28-40F7-8F44-C6CC4DC0B02E}.Release|Mixed Platforms.Build.0 = Release|Win32
		{0B693504-DC28-40F7-8F44-C6CC4DC0B02E}.Release|Win32.ActiveCfg = Release|Win32
		{0B693504-DC28-40F7-8F44-C6CC4DC0B02E}.Release|Win32.Build.0 = Release|Win32
		{0B693504-DC28-40F7-8F44-C6CC4DC0B02E}.Release|x64.ActiveCfg = Release|Win32
		{184C4566-B665-4B92-83E6-BC4B71FE8B95}.Debug|Any CPU.ActiveCfg = Debug|Win32
		{184C4566-B665-4B92-83E6-BC4B71FE8B95}.Debug|ARM.ActiveCfg = Debug|Win32
		{184C4566-B665-4B92-83E6-BC4B71FE8B95}.Debug|Mixed Platforms.ActiveCfg = Debug|Win32
		{184C4566-B665-4B92-83E6-BC4B71FE8B95}.Debug|Mixed Platforms.Build.0 = Debug|Win32
		{184C4566-B665-4B92-83E6-BC4B71FE8B95}.Debug|Win32.ActiveCfg = Debug|Win32
		{184C4566-B665-4B92-83E6-BC4B71FE8B95}.Debug|Win32.Build.0 = Debug|Win32
		{184C4566-B665-4B92-83E6-BC4B71FE8B95}.Debug|x64.ActiveCfg = Debug|x64
		{184C4566-B665-4B92-83E6-BC4B71FE8B95}.Release|Any CPU.ActiveCfg = Release|Win32
		{184C4566-B665-4B92-83E6-BC4B71FE8B95}.Release|ARM.ActiveCfg = Release|Win32
		{184C4566-B665-4B92-83E6-BC4B71FE8B95}.Release|Mixed Platforms.ActiveCfg = Release|Win32
		{184C4566-B665-4B92-83E6-BC4B71FE8B95}.Release|Mixed Platforms.Build.0 = Release|Win32
		{184C4566-B665-4B92-83E6-BC4B71FE8B95}.Release|Win32.ActiveCfg = Release|Win32
		{184C4566-B665-4B92-83E6-BC4B71FE8B95}.Release|Win32.Build.0 = Release|Win32
		{184C4566-B665-4B92-83E6-BC4B71FE8B95}.Release|x64.ActiveCfg = Release|Win32
		{BDADE1CB-ABDC-488C-B1DA-1E2694021912}.Debug|Any CPU.ActiveCfg = Debug|Win32
		{BDADE1CB-ABDC-488C-B1DA-1E2694021912}.Debug|ARM.ActiveCfg = Debug|Win32
		{BDADE1CB-ABDC-488C-B1DA-1E2694021912}.Debug|Mixed Platforms.ActiveCfg = Debug|Win32
		{BDADE1CB-ABDC-488C-B1DA-1E2694021912}.Debug|Mixed Platforms.Build.0 = Debug|Win32
		{BDADE1CB-ABDC-488C-B1DA-1E2694021912}.Debug|Win32.ActiveCfg = Debug|Win32
		{BDADE1CB-ABDC-488C-B1DA-1E2694021912}.Debug|Win32.Build.0 = Debug|Win32
		{BDADE1CB-ABDC-488C-B1DA-1E2694021912}.Debug|x64.ActiveCfg = Debug|x64
		{BDADE1CB-ABDC-488C-B1DA-1E2694021912}.Release|Any CPU.ActiveCfg = Release|Win32
		{BDADE1CB-ABDC-488C-B1DA-1E2694021912}.Release|ARM.ActiveCfg = Release|Win32
		{BDADE1CB-ABDC-488C-B1DA-1E2694021912}.Release|Mixed Platforms.ActiveCfg = Release|Win32
		{BDADE1CB-ABDC-488C-B1DA-1E2694021912}.Release|Mixed Platforms.Build.0 = Release|Win32
		{BDADE1CB-ABDC-488C-B1DA-1E2694021912}.Release|Win32.ActiveCfg = Release|Win32
		{BDADE1CB-ABDC-488C-B1DA-1E2694021912}.Release|Win32.Build.0 = Release|Win32
		{BDADE1CB-ABDC-488C-B1DA-1E2694021912}.Release|x64.ActiveCfg = Release|Win32
		{9AEDCDFB-295A-4672-8080-619851D9EBAF}.Debug|Any CPU.ActiveCfg = Debug|Win32
		{9AEDCDFB-295A-4672-8080-619851D9EBAF}.Debug|ARM.ActiveCfg = Debug|Win32
		{9AEDCDFB-295A-4672-8080-619851D9EBAF}.Debug|Mixed Platforms.ActiveCfg = Debug|Win32
		{9AEDCDFB-295A-4672-8080-619851D9EBAF}.Debug|Mixed Platforms.Build.0 = Debug|Win32
		{9AEDCDFB-295A-4672-8080-619851D9EBAF}.Debug|Win32.ActiveCfg = Debug|Win32
		{9AEDCDFB-295A-4672-8080-619851D9EBAF}.Debug|Win32.Build.0 = Debug|Win32
		{9AEDCDFB-295A-4672-8080-619851D9EBAF}.Debug|x64.ActiveCfg = Debug|x64
		{9AEDCDFB-295A-4672-8080-619851D9EBAF}.Release|Any CPU.ActiveCfg = Release|Win32
		{9AEDCDFB-295A-4672-8080-619851D9EBAF}.Release|ARM.ActiveCfg = Release|Win32
		{9AEDCDFB-295A-4672-8080-619851D9EBAF}.Release|Mixed Platforms.ActiveCfg = Release|Win32
		{9AEDCDFB-295A-4672-8080-619851D9EBAF}.Release|Mixed Platforms.Build.0 = Release|Win32
		{9AEDCDFB-295A-4672-8080-619851D9EBAF}.Release|Win32.ActiveCfg = Release|Win32
		{9AEDCDFB-295A-4672-8080-619851D9EBAF}.Release|Win32.Build.0 = Release|Win32
		{9AEDCDFB-295A-4672-8080-619851D9EBAF}.Release|x64.ActiveCfg = Release|Win32
		{71FB2DC1-C572-492B-9683-75BB3683B8C8}.Debug|Any CPU.ActiveCfg = Debug|Win32
		{71FB2DC1-C572-492B-9683-75BB3683B8C8}.Debug|ARM.ActiveCfg = Debug|Win32
		{71FB2DC1-C572-492B-9683-75BB3683B8C8}.Debug|Mixed Platforms.ActiveCfg = Debug|Win32
		{71FB2DC1-C572-492B-9683-75BB3683B8C8}.Debug|Mixed Platforms.Build.0 = Debug|Win32
		{71FB2DC1-C572-492B-9683-75BB3683B8C8}.Debug|Win32.ActiveCfg = Debug|Win32
		{71FB2DC1-C572-492B-9683-75BB3683B8C8}.Debug|Win32.Build.0 = Debug|Win32
		{71FB2DC1-C572-492B-9683-75BB3683B8C8}.Debug|x64.ActiveCfg = Debug|x64
		{71FB2DC1-C572-492B-9683-75BB3683B8C8}.Release|Any CPU.ActiveCfg = Release|Win32
		{71FB2DC1-C572-492B-9683-75BB3683B8C8}.Release|ARM.ActiveCfg = Release|Win32
		{71FB2DC1-C572-492B-9683-75BB3683B8C8}.Release|Mixed Platforms.ActiveCfg = Release|Win32
		{71FB2DC1-C572-492B-9683-75BB3683B8C8}.Release|Mixed Platforms.Build.0 = Release|Win32
		{71FB2DC1-C572-492B-9683-75BB3683B8C8}.Release|Win32.ActiveCfg = Release|Win32
		{71FB2DC1-C572-492B-9683-75BB3683B8C8}.Release|Win32.Build.0 = Release|Win32
		{71FB2DC1-C572-492B-9683-75BB3683B8C8}.Release|x64.ActiveCfg = Release|Win32
		{7A037EFF-0FB6-4961-AD2B-809399BF9B60}.Debug|Any CPU.ActiveCfg = Debug|Win32
		{7A037EFF-0FB6-4961-AD2B-809399BF9B60}.Debug|ARM.ActiveCfg = Debug|Win32
		{7A037EFF-0FB6-4961-AD2B-809399BF9B60}.Debug|Mixed Platforms.ActiveCfg = Debug|Win32
		{7A037EFF-0FB6-4961-AD2B-809399BF9B60}.Debug|Mixed Platforms.Build.0 = Debug|Win32
		{7A037EFF-0FB6-4961-AD2B-809399BF9B60}.Debug|Win32.ActiveCfg = Debug|Win32
		{7A037EFF-0FB6-4961-AD2B-809399BF9B60}.Debug|Win32.Build.0 = Debug|Win32
		{7A037EFF-0FB6-4961-AD2B-809399BF9B60}.Debug|x64.ActiveCfg = Debug|x64
		{7A037EFF-0FB6-4961-AD2B-809399BF9B60}.Release|Any CPU.ActiveCfg = Release|Win32
		{7A037EFF-0FB6-4961-AD2B-809399BF9B60}.Release|ARM.ActiveCfg = Release|Win32
		{7A037EFF-0FB6-4961-AD2B-809399BF9B60}.Release|Mixed Platforms.ActiveCfg = Release|Win32
		{7A037EFF-0FB6-4961-AD2B-809399BF9B60}.Release|Mixed Platforms.Build.0 = Release|Win32
		{7A037EFF-0FB6-4961-AD2B-809399BF9B60}.Release|Win32.ActiveCfg = Release|Win32
		{7A037EFF-0FB6-4961-AD2B-809399BF9B60}.Release|Win32.Build.0 = Release|Win32
		{7A037EFF-0FB6-4961-AD2B-809399BF9B60}.Release|x64.ActiveCfg = Release|Win32
		{C6E1E561-118C-4C9A-B9E6-43B5293BF77B}.Debug|Any CPU.ActiveCfg = Debug|Win32
		{C6E1E561-118C-4C9A-B9E6-43B5293BF77B}.Debug|ARM.ActiveCfg = Debug|Win32
		{C6E1E561-118C-4C9A-B9E6-43B5293BF77B}.Debug|Mixed Platforms.ActiveCfg = Debug|Win32
		{C6E1E561-118C-4C9A-B9E6-43B5293BF77B}.Debug|Mixed Platforms.Build.0 = Debug|Win32
		{C6E1E561-118C-4C9A-B9E6-43B5293BF77B}.Debug|Win32.ActiveCfg = Debug|Win32
		{C6E1E561-118C-4C9A-B9E6-43B5293BF77B}.Debug|Win32.Build.0 = Debug|Win32
		{C6E1E561-118C-4C9A-B9E6-43B5293BF77B}.Debug|x64.ActiveCfg = Debug|x64
		{C6E1E561-118C-4C9A-B9E6-43B5293BF77B}.Release|Any CPU.ActiveCfg = Release|Win32
		{C6E1E561-118C-4C9A-B9E6-43B5293BF77B}.Release|ARM.ActiveCfg = Release|Win32
		{C6E1E561-118C-4C9A-B9E6-43B5293BF77B}.Release|Mixed Platforms.ActiveCfg = Release|Win32
		{C6E1E561-118C-4C9A-B9E6-43B5293BF77B}.Release|Mixed Platforms.Build.0 = Release|Win32
		{C6E1E561-118C-4C9A-B9E6-43B5293BF77B}.Release|Win32.ActiveCfg = Release|Win32
		{C6E1E561-118C-4C9A-B9E6-43B5293BF77B}.Release|Win32.Build.0 = Release|Win32
		{C6E1E561-118C-4C9A-B9E6-43B5293BF77B}.Release|x64.ActiveCfg = Release|Win32
		{57F0610D-EBBF-4F69-A057-2F05EB1A3F27}.Debug|Any CPU.ActiveCfg = Debug|Win32
		{57F0610D-EBBF-4F69-A057-2F05EB1A3F27}.Debug|ARM.ActiveCfg = Debug|Win32
		{57F0610D-EBBF-4F69-A057-2F05EB1A3F27}.Debug|Mixed Platforms.ActiveCfg = Debug|Win32
		{57F0610D-EBBF-4F69-A057-2F05EB1A3F27}.Debug|Mixed Platforms.Build.0 = Debug|Win32
		{57F0610D-EBBF-4F69-A057-2F05EB1A3F27}.Debug|Win32.ActiveCfg = Debug|Win32
		{57F0610D-EBBF-4F69-A057-2F05EB1A3F27}.Debug|Win32.Build.0 = Debug|Win32
		{57F0610D-EBBF-4F69-A057-2F05EB1A3F27}.Debug|x64.ActiveCfg = Debug|x64
		{57F0610D-EBBF-4F69-A057-2F05EB1A3F27}.Release|Any CPU.ActiveCfg = Release|Win32
		{57F0610D-EBBF-4F69-A057-2F05EB1A3F27}.Release|ARM.ActiveCfg = Release|Win32
		{57F0610D-EBBF-4F69-A057-2F05EB1A3F27}.Release|Mixed Platforms.ActiveCfg = Release|Win32
		{57F0610D-EBBF-4F69-A057-2F05EB1A3F27}.Release|Mixed Platforms.Build.0 = Release|Win32
		{57F0610D-EBBF-4F69-A057-2F05EB1A3F27}.Release|Win32.ActiveCfg = Release|Win32
		{57F0610D-EBBF-4F69-A057-2F05EB1A3F27}.Release|Win32.Build.0 = Release|Win32
		{57F0610D-EBBF-4F69-A057-2F05EB1A3F27}.Release|x64.ActiveCfg = Release|Win32
		{1FA1DBC9-8118-4D70-AEE5-8B3D355C5DCF}.Debug|Any CPU.ActiveCfg = Debug|Win32
		{1FA1DBC9-8118-4D70-AEE5-8B3D355C5DCF}.Debug|ARM.ActiveCfg = Debug|Win32
		{1FA1DBC9-8118-4D70-AEE5-8B3D355C5DCF}.Debug|Mixed Platforms.ActiveCfg = Debug|Win32
		{1FA1DBC9-8118-4D70-AEE5-8B3D355C5DCF}.Debug|Mixed Platforms.Build.0 = Debug|Win32
		{1FA1DBC9-8118-4D70-AEE5-8B3D355C5DCF}.Debug|Win32.ActiveCfg = Debug|Win32
		{1FA1DBC9-8118-4D70-AEE5-8B3D355C5DCF}.Debug|Win32.Build.0 = Debug|Win32
		{1FA1DBC9-8118-4D70-AEE5-8B3D355C5DCF}.Debug|x64.ActiveCfg = Debug|x64
		{1FA1DBC9-8118-4D70-AEE5-8B3D355C5DCF}.Release|Any CPU.ActiveCfg = Release|Win32
		{1FA1DBC9-8118-4D70-AEE5-8B3D355C5DCF}.Release|ARM.ActiveCfg = Release|Win32
		{1FA1DBC9-8118-4D70-AEE5-8B3D355C5DCF}.Release|Mixed Platforms.ActiveCfg = Release|Win32
		{1FA1DBC9-8118-4D70-AEE5-8B3D355C5DCF}.Release|Mixed Platforms.Build.0 = Release|Win32
		{1FA1DBC9-8118-4D70-AEE5-8B3D355C5DCF}.Release|Win32.ActiveCfg = Release|Win32
		{1FA1DBC9-8118-4D70-AEE5-8B3D355C5DCF}.Release|Win32.Build.0 = Release|Win32
		{1FA1DBC9-8118-4D70-AEE5-8B3D355C5DCF}.Release|x64.ActiveCfg = Release|Win32
		{55FA7DFF-4EE7-47F0-A700-2B9E51D1FB55}.Debug|Any CPU.ActiveCfg = Debug|Win32
		{55FA7DFF-4EE7-47F0-A700-2B9E51D1FB55}.Debug|ARM.ActiveCfg = Debug|Win32
		{55FA7DFF-4EE7-47F0-A700-2B9E51D1FB55}.Debug|Mixed Platforms.ActiveCfg = Debug|Win32
		{55FA7DFF-4EE7-47F0-A700-2B9E51D1FB55}.Debug|Mixed Platforms.Build.0 = Debug|Win32
		{55FA7DFF-4EE7-47F0-A700-2B9E51D1FB55}.Debug|Win32.ActiveCfg = Debug|Win32
		{55FA7DFF-4EE7-47F0-A700-2B9E51D1FB55}.Debug|Win32.Build.0 = Debug|Win32
		{55FA7DFF-4EE7-47F0-A700-2B9E51D1FB55}.Debug|x64.ActiveCfg = Debug|x64
		{55FA7DFF-4EE7-47F0-A700-2B9E51D1FB55}.Release|Any CPU.ActiveCfg = Release|Win32
		{55FA7DFF-4EE7-47F0-A700-2B9E51D1FB55}.Release|ARM.ActiveCfg = Release|Win32
		{55FA7DFF-4EE7-47F0-A700-2B9E51D1FB55}.Release|Mixed Platforms.ActiveCfg = Release|Win32
		{55FA7DFF-4EE7-47F0-A700-2B9E51D1FB55}.Release|Mixed Platforms.Build.0 = Release|Win32
		{55FA7DFF-4EE7-47F0-A700-2B9E51D1FB55}.Release|Win32.ActiveCfg = Release|Win32
		{55FA7DFF-4EE7-47F0-A700-2B9E51D1FB55}.Release|Win32.Build.0 = Release|Win32
		{55FA7DFF-4EE7-47F0-A700-2B9E51D1FB55}.Release|x64.ActiveCfg = Release|Win32
		{66658554-40D3-42B4-A628-7B0EF3CF5876}.Debug|Any CPU.ActiveCfg = Debug|Win32
		{66658554-40D3-42B4-A628-7B0EF3CF5876}.Debug|ARM.ActiveCfg = Debug|Win32
		{66658554-40D3-42B4-A628-7B0EF3CF5876}.Debug|Mixed Platforms.ActiveCfg = Debug|Win32
		{66658554-40D3-42B4-A628-7B0EF3CF5876}.Debug|Mixed Platforms.Build.0 = Debug|Win32
		{66658554-40D3-42B4-A628-7B0EF3CF5876}.Debug|Win32.ActiveCfg = Debug|Win32
		{66658554-40D3-42B4-A628-7B0EF3CF5876}.Debug|Win32.Build.0 = Debug|Win32
		{66658554-40D3-42B4-A628-7B0EF3CF5876}.Debug|x64.ActiveCfg = Debug|x64
		{66658554-40D3-42B4-A628-7B0EF3CF5876}.Release|Any CPU.ActiveCfg = Release|Win32
		{66658554-40D3-42B4-A628-7B0EF3CF5876}.Release|ARM.ActiveCfg = Release|Win32
		{66658554-40D3-42B4-A628-7B0EF3CF5876}.Release|Mixed Platforms.ActiveCfg = Release|Win32
		{66658554-40D3-42B4-A628-7B0EF3CF5876}.Release|Mixed Platforms.Build.0 = Release|Win32
		{66658554-40D3-42B4-A628-7B0EF3CF5876}.Release|Win32.ActiveCfg = Release|Win32
		{66658554-40D3-42B4-A628-7B0EF3CF5876}.Release|Win32.Build.0 = Release|Win32
		{66658554-40D3-42B4-A628-7B0EF3CF5876}.Release|x64.ActiveCfg = Release|Win32
		{3028B018-4606-441F-9850-F2DF540C2913}.Debug|Any CPU.ActiveCfg = Debug|x86
		{3028B018-4606-441F-9850-F2DF540C2913}.Debug|ARM.ActiveCfg = Debug|ARM
		{3028B018-4606-441F-9850-F2DF540C2913}.Debug|ARM.Build.0 = Debug|ARM
		{3028B018-4606-441F-9850-F2DF540C2913}.Debug|ARM.Deploy.0 = Debug|ARM
		{3028B018-4606-441F-9850-F2DF540C2913}.Debug|Mixed Platforms.ActiveCfg = Debug|x86
		{3028B018-4606-441F-9850-F2DF540C2913}.Debug|Mixed Platforms.Build.0 = Debug|x86
		{3028B018-4606-441F-9850-F2DF540C2913}.Debug|Mixed Platforms.Deploy.0 = Debug|x86
		{3028B018-4606-441F-9850-F2DF540C2913}.Debug|Win32.ActiveCfg = Debug|x86
		{3028B018-4606-441F-9850-F2DF540C2913}.Debug|Win32.Build.0 = Debug|x86
		{3028B018-4606-441F-9850-F2DF540C2913}.Debug|Win32.Deploy.0 = Debug|x86
		{3028B018-4606-441F-9850-F2DF540C2913}.Debug|x64.ActiveCfg = Debug|x64
		{3028B018-4606-441F-9850-F2DF540C2913}.Debug|x64.Build.0 = Debug|x64
		{3028B018-4606-441F-9850-F2DF540C2913}.Debug|x64.Deploy.0 = Debug|x64
		{3028B018-4606-441F-9850-F2DF540C2913}.Release|Any CPU.ActiveCfg = Release|x86
		{3028B018-4606-441F-9850-F2DF540C2913}.Release|ARM.ActiveCfg = Release|ARM
		{3028B018-4606-441F-9850-F2DF540C2913}.Release|ARM.Build.0 = Release|ARM
		{3028B018-4606-441F-9850-F2DF540C2913}.Release|ARM.Deploy.0 = Release|ARM
		{3028B018-4606-441F-9850-F2DF540C2913}.Release|Mixed Platforms.ActiveCfg = Release|x86
		{3028B018-4606-441F-9850-F2DF540C2913}.Release|Mixed Platforms.Build.0 = Release|x86
		{3028B018-4606-441F-9850-F2DF540C2913}.Release|Mixed Platforms.Deploy.0 = Release|x86
		{3028B018-4606-441F-9850-F2DF540C2913}.Release|Win32.ActiveCfg = Release|x86
		{3028B018-4606-441F-9850-F2DF540C2913}.Release|Win32.Build.0 = Release|x86
		{3028B018-4606-441F-9850-F2DF540C2913}.Release|Win32.Deploy.0 = Release|x86
		{3028B018-4606-441F-9850-F2DF540C2913}.Release|x64.ActiveCfg = Release|x64
		{3028B018-4606-441F-9850-F2DF540C2913}.Release|x64.Build.0 = Release|x64
		{3028B018-4606-441F-9850-F2DF540C2913}.Release|x64.Deploy.0 = Release|x64
		{0CA85B79-912A-4D30-AD07-36450B47FEBA}.Debug|Any CPU.ActiveCfg = Debug|Win32
		{0CA85B79-912A-4D30-AD07-36450B47FEBA}.Debug|ARM.ActiveCfg = Debug|ARM
		{0CA85B79-912A-4D30-AD07-36450B47FEBA}.Debug|ARM.Build.0 = Debug|ARM
		{0CA85B79-912A-4D30-AD07-36450B47FEBA}.Debug|Mixed Platforms.ActiveCfg = Debug|Win32
		{0CA85B79-912A-4D30-AD07-36450B47FEBA}.Debug|Mixed Platforms.Build.0 = Debug|Win32
		{0CA85B79-912A-4D30-AD07-36450B47FEBA}.Debug|Win32.ActiveCfg = Debug|Win32
		{0CA85B79-912A-4D30-AD07-36450B47FEBA}.Debug|Win32.Build.0 = Debug|Win32
		{0CA85B79-912A-4D30-AD07-36450B47FEBA}.Debug|x64.ActiveCfg = Debug|x64
		{0CA85B79-912A-4D30-AD07-36450B47FEBA}.Debug|x64.Build.0 = Debug|x64
		{0CA85B79-912A-4D30-AD07-36450B47FEBA}.Release|Any CPU.ActiveCfg = Release|Win32
		{0CA85B79-912A-4D30-AD07-36450B47FEBA}.Release|ARM.ActiveCfg = Release|ARM
		{0CA85B79-912A-4D30-AD07-36450B47FEBA}.Release|ARM.Build.0 = Release|ARM
		{0CA85B79-912A-4D30-AD07-36450B47FEBA}.Release|Mixed Platforms.ActiveCfg = Release|Win32
		{0CA85B79-912A-4D30-AD07-36450B47FEBA}.Release|Mixed Platforms.Build.0 = Release|Win32
		{0CA85B79-912A-4D30-AD07-36450B47FEBA}.Release|Win32.ActiveCfg = Release|Win32
		{0CA85B79-912A-4D30-AD07-36450B47FEBA}.Release|Win32.Build.0 = Release|Win32
		{0CA85B79-912A-4D30-AD07-36450B47FEBA}.Release|x64.ActiveCfg = Release|x64
		{0CA85B79-912A-4D30-AD07-36450B47FEBA}.Release|x64.Build.0 = Release|x64
		{49897C63-7AFB-4004-81F5-BBF6E53D9BB6}.Debug|Any CPU.ActiveCfg = Debug|Win32
		{49897C63-7AFB-4004-81F5-BBF6E53D9BB6}.Debug|ARM.ActiveCfg = Debug|Win32
		{49897C63-7AFB-4004-81F5-BBF6E53D9BB6}.Debug|Mixed Platforms.ActiveCfg = Debug|Win32
		{49897C63-7AFB-4004-81F5-BBF6E53D9BB6}.Debug|Mixed Platforms.Build.0 = Debug|Win32
		{49897C63-7AFB-4004-81F5-BBF6E53D9BB6}.Debug|Win32.ActiveCfg = Debug|Win32
		{49897C63-7AFB-4004-81F5-BBF6E53D9BB6}.Debug|Win32.Build.0 = Debug|Win32
		{49897C63-7AFB-4004-81F5-BBF6E53D9BB6}.Debug|x64.ActiveCfg = Debug|x64
		{49897C63-7AFB-4004-81F5-BBF6E53D9BB6}.Debug|x64.Build.0 = Debug|x64
		{49897C63-7AFB-4004-81F5-BBF6E53D9BB6}.Release|Any CPU.ActiveCfg = Release|Win32
		{49897C63-7AFB-4004-81F5-BBF6E53D9BB6}.Release|ARM.ActiveCfg = Release|Win32
		{49897C63-7AFB-4004-81F5-BBF6E53D9BB6}.Release|Mixed Platforms.ActiveCfg = Release|Win32
		{49897C63-7AFB-4004-81F5-BBF6E53D9BB6}.Release|Mixed Platforms.Build.0 = Release|Win32
		{49897C63-7AFB-4004-81F5-BBF6E53D9BB6}.Release|Win32.ActiveCfg = Release|Win32
		{49897C63-7AFB-4004-81F5-BBF6E53D9BB6}.Release|Win32.Build.0 = Release|Win32
		{49897C63-7AFB-4004-81F5-BBF6E53D9BB6}.Release|x64.ActiveCfg = Release|x64
		{49897C63-7AFB-4004-81F5-BBF6E53D9BB6}.Release|x64.Build.0 = Release|x64
	EndGlobalSection
	GlobalSection(SolutionProperties) = preSolution
		HideSolutionNode = FALSE
	EndGlobalSection
	GlobalSection(NestedProjects) = preSolution
		{6A274B7F-3982-499E-B55A-1F12EF2E3EC0} = {D7F9BEB3-65C8-443A-82C6-9D6A5B2B00FC}
		{32FDAB94-F87E-4F0A-89A4-9EC10A3B1D3D} = {D7F9BEB3-65C8-443A-82C6-9D6A5B2B00FC}
		{D7A82E7F-1535-4EEC-ABA9-2C8447669D33} = {D7F9BEB3-65C8-443A-82C6-9D6A5B2B00FC}
		{0B693504-DC28-40F7-8F44-C6CC4DC0B02E} = {621D1EFC-D8C3-4D61-9022-2E53EB97F161}
		{184C4566-B665-4B92-83E6-BC4B71FE8B95} = {621D1EFC-D8C3-4D61-9022-2E53EB97F161}
		{BDADE1CB-ABDC-488C-B1DA-1E2694021912} = {621D1EFC-D8C3-4D61-9022-2E53EB97F161}
		{71FB2DC1-C572-492B-9683-75BB3683B8C8} = {621D1EFC-D8C3-4D61-9022-2E53EB97F161}
		{55FA7DFF-4EE7-47F0-A700-2B9E51D1FB55} = {621D1EFC-D8C3-4D61-9022-2E53EB97F161}
		{66658554-40D3-42B4-A628-7B0EF3CF5876} = {621D1EFC-D8C3-4D61-9022-2E53EB97F161}
		{3028B018-4606-441F-9850-F2DF540C2913} = {D7F9BEB3-65C8-443A-82C6-9D6A5B2B00FC}
		{0CA85B79-912A-4D30-AD07-36450B47FEBA} = {621D1EFC-D8C3-4D61-9022-2E53EB97F161}
		{49897C63-7AFB-4004-81F5-BBF6E53D9BB6} = {621D1EFC-D8C3-4D61-9022-2E53EB97F161}
	EndGlobalSection
EndGlobal
