<?xml version="1.0" encoding="utf-8"?>
<Project ToolsVersion="14.0" xmlns="http://schemas.microsoft.com/developer/msbuild/2003">
  <ItemGroup>
    <Filter Include="Common">
      <UniqueIdentifier>d1be05d1-42d7-44b2-9fc1-75586ffa06bf</UniqueIdentifier>
    </Filter>
    <Filter Include="Assets">
      <UniqueIdentifier>422570f3-740c-4c7d-b6a7-435047e36b2f</UniqueIdentifier>
      <Extensions>bmp;fbx;gif;jpg;jpeg;tga;tiff;tif;png</Extensions>
    </Filter>
    <Image Include="Assets\Logo.scale-100.png">
      <Filter>Assets</Filter>
    </Image>
    <Image Include="Assets\SmallLogo.scale-100.png">
      <Filter>Assets</Filter>
    </Image>
    <Image Include="Assets\StoreLogo.scale-100.png">
      <Filter>Assets</Filter>
    </Image>
    <Image Include="Assets\SplashScreen.scale-100.png">
      <Filter>Assets</Filter>
    </Image>
  </ItemGroup>
  <ItemGroup>
    <ApplicationDefinition Include="App.xaml" />
  </ItemGroup>
  <ItemGroup>
    <ClCompile Include="App.xaml.cpp" />
    <ClCompile Include="MainPage.xaml.cpp" />
    <ClCompile Include="pch.cpp" />
  </ItemGroup>
  <ItemGroup>
    <ClInclude Include="pch.h" />
    <ClInclude Include="App.xaml.h" />
    <ClInclude Include="MainPage.xaml.h" />
  </ItemGroup>
  <ItemGroup>
    <Image Include="Assets\WideLogo.scale-100.png">
      <Filter>Assets</Filter>
    </Image>
    <Image Include="Assets\group1.jpg">
      <Filter>Assets</Filter>
    </Image>
    <Image Include="Assets\grpPC1.jpg">
      <Filter>Assets</Filter>
    </Image>
  </ItemGroup>
  <ItemGroup>
    <AppxManifest Include="Package.appxmanifest" />
  </ItemGroup>
  <ItemGroup>
    <None Include="AppUap2_TemporaryKey.pfx" />
    <None Include="..\..\..\Users\ericmitt\Documents\GitHub\opencv\vs2015\WS\10.0\ARM\bin\Debug\opencv_core300d.dll" />
    <None Include="..\..\..\Users\ericmitt\Documents\GitHub\opencv\vs2015\WS\10.0\ARM\bin\Debug\opencv_imgcodecs300d.dll" />
    <None Include="..\..\..\Users\ericmitt\Documents\GitHub\opencv\vs2015\WS\10.0\ARM\bin\Debug\opencv_imgproc300d.dll" />
    <None Include="..\..\..\Users\ericmitt\Documents\GitHub\opencv\vs2015\WS\10.0\ARM\bin\Debug\opencv_objdetect300d.dll" />
    <None Include="..\..\..\Users\ericmitt\Documents\GitHub\opencv\vs2015\WS\10.0\ARM\bin\Debug\opencv_ml300d.dll" />
  </ItemGroup>
  <ItemGroup>
    <Page Include="MainPage.xaml" />
  </ItemGroup>
  <ItemGroup>
    <Xml Include="Assets\haarcascade_fullbody.xml">
      <Filter>Assets</Filter>
    </Xml>
    <Xml Include="Assets\haarcascade_frontalface_alt.xml">
      <Filter>Assets</Filter>
    </Xml>
  </ItemGroup>
</Project>